// !$*UTF8*$!
{
	archiveVersion = 1;
	classes = {
	};
	objectVersion = 55;
	objects = {

/* Begin PBXBuildFile section */
		020F8E8B29D34C5B006B4E7A /* SongsViewController.swift in Sources */ = {isa = PBXBuildFile; fileRef = 020F8E8929D34C5B006B4E7A /* SongsViewController.swift */; };
		020F8E8C29D34C5B006B4E7A /* SongsViewController.xib in Resources */ = {isa = PBXBuildFile; fileRef = 020F8E8A29D34C5B006B4E7A /* SongsViewController.xib */; };
		020F8E9029D34E20006B4E7A /* SongTableViewCell.swift in Sources */ = {isa = PBXBuildFile; fileRef = 020F8E8E29D34E20006B4E7A /* SongTableViewCell.swift */; };
		020F8E9129D34E20006B4E7A /* SongTableViewCell.xib in Resources */ = {isa = PBXBuildFile; fileRef = 020F8E8F29D34E20006B4E7A /* SongTableViewCell.xib */; };
		0217354A292275FB006A67B5 /* Progression.swift in Sources */ = {isa = PBXBuildFile; fileRef = 02173549292275FB006A67B5 /* Progression.swift */; };
		0217354E29227752006A67B5 /* ProgressionVersion.swift in Sources */ = {isa = PBXBuildFile; fileRef = 0217354D29227752006A67B5 /* ProgressionVersion.swift */; };
		0217355029227E21006A67B5 /* Scale.swift in Sources */ = {isa = PBXBuildFile; fileRef = 0217354F29227E21006A67B5 /* Scale.swift */; };
		0217355229227E63006A67B5 /* ScaleType.swift in Sources */ = {isa = PBXBuildFile; fileRef = 0217355129227E63006A67B5 /* ScaleType.swift */; };
		0217355429227F32006A67B5 /* ScaleStep.swift in Sources */ = {isa = PBXBuildFile; fileRef = 0217355329227F32006A67B5 /* ScaleStep.swift */; };
		021C9C2E281DB18B00BDB0A6 /* ChordType.swift in Sources */ = {isa = PBXBuildFile; fileRef = 021C9C2D281DB18B00BDB0A6 /* ChordType.swift */; };
		022041C229C23A750038121C /* StructureTableViewCell.xib in Resources */ = {isa = PBXBuildFile; fileRef = 022041C129C23A750038121C /* StructureTableViewCell.xib */; };
		022041CE29C23FD90038121C /* SceneDelegate.swift in Sources */ = {isa = PBXBuildFile; fileRef = 022041CD29C23FD90038121C /* SceneDelegate.swift */; };
		02218D5E28368884004C30B2 /* MainTabBarController.swift in Sources */ = {isa = PBXBuildFile; fileRef = 02218D5D28368884004C30B2 /* MainTabBarController.swift */; };
		02218D6228369145004C30B2 /* ChordViewController.xib in Resources */ = {isa = PBXBuildFile; fileRef = 02218D6128369145004C30B2 /* ChordViewController.xib */; };
		022B901628187BD7009ED3F7 /* Octave.swift in Sources */ = {isa = PBXBuildFile; fileRef = 022B901528187BD7009ED3F7 /* Octave.swift */; };
		022B901828187C07009ED3F7 /* Interval.swift in Sources */ = {isa = PBXBuildFile; fileRef = 022B901728187C07009ED3F7 /* Interval.swift */; };
		022B901A2818839F009ED3F7 /* Chord.swift in Sources */ = {isa = PBXBuildFile; fileRef = 022B90192818839F009ED3F7 /* Chord.swift */; };
		022FF1CE29C23A5900CEDD5E /* StructureTableViewCell.swift in Sources */ = {isa = PBXBuildFile; fileRef = 022FF1CC29C23A5900CEDD5E /* StructureTableViewCell.swift */; };
		0251473829CC93BA002EAA90 /* StructurePartTableViewCell.swift in Sources */ = {isa = PBXBuildFile; fileRef = 0251473629CC93BA002EAA90 /* StructurePartTableViewCell.swift */; };
		0251473929CC93BA002EAA90 /* StructurePartTableViewCell.xib in Resources */ = {isa = PBXBuildFile; fileRef = 0251473729CC93BA002EAA90 /* StructurePartTableViewCell.xib */; };
		02572C12298BC44D003B5070 /* NotePickerView.swift in Sources */ = {isa = PBXBuildFile; fileRef = 02572C11298BC44D003B5070 /* NotePickerView.swift */; };
		025B326D29E549F50001A948 /* SongPartDetailsViewController.swift in Sources */ = {isa = PBXBuildFile; fileRef = 025B326B29E549F50001A948 /* SongPartDetailsViewController.swift */; };
		025B326E29E549F50001A948 /* SongPartDetailsViewController.xib in Resources */ = {isa = PBXBuildFile; fileRef = 025B326C29E549F50001A948 /* SongPartDetailsViewController.xib */; };
		025B327129E54D590001A948 /* AssignedInstrumentsTableViewCell.swift in Sources */ = {isa = PBXBuildFile; fileRef = 025B326F29E54D590001A948 /* AssignedInstrumentsTableViewCell.swift */; };
		025B327229E54D590001A948 /* AssignedInstrumentsTableViewCell.xib in Resources */ = {isa = PBXBuildFile; fileRef = 025B327029E54D590001A948 /* AssignedInstrumentsTableViewCell.xib */; };
		025B327629E55A970001A948 /* StructurePartProgressionTableViewCell.swift in Sources */ = {isa = PBXBuildFile; fileRef = 025B327429E55A960001A948 /* StructurePartProgressionTableViewCell.swift */; };
		025B327729E55A970001A948 /* StructurePartProgressionTableViewCell.xib in Resources */ = {isa = PBXBuildFile; fileRef = 025B327529E55A970001A948 /* StructurePartProgressionTableViewCell.xib */; };
		025B327D29E5603B0001A948 /* TitleTableViewCell.swift in Sources */ = {isa = PBXBuildFile; fileRef = 025B327B29E5603B0001A948 /* TitleTableViewCell.swift */; };
		025B327E29E5603B0001A948 /* TitleTableViewCell.xib in Resources */ = {isa = PBXBuildFile; fileRef = 025B327C29E5603B0001A948 /* TitleTableViewCell.xib */; };
		027102B22814743000694F3E /* AppDelegate.swift in Sources */ = {isa = PBXBuildFile; fileRef = 027102B12814743000694F3E /* AppDelegate.swift */; };
		027102B62814743000694F3E /* ChordViewController.swift in Sources */ = {isa = PBXBuildFile; fileRef = 027102B52814743000694F3E /* ChordViewController.swift */; };
		027102BE2814743200694F3E /* LaunchScreen.storyboard in Resources */ = {isa = PBXBuildFile; fileRef = 027102BC2814743200694F3E /* LaunchScreen.storyboard */; };
		027102D0281479D600694F3E /* Note.swift in Sources */ = {isa = PBXBuildFile; fileRef = 027102CF281479D600694F3E /* Note.swift */; };
		0271B40B29F16B8500A27C92 /* InstrumentPart.swift in Sources */ = {isa = PBXBuildFile; fileRef = 0271B40A29F16B8500A27C92 /* InstrumentPart.swift */; };
		0271B41129F1C68D00A27C92 /* InstrumentPartViewController.swift in Sources */ = {isa = PBXBuildFile; fileRef = 0271B40F29F1C68D00A27C92 /* InstrumentPartViewController.swift */; };
		0271B41229F1C68D00A27C92 /* InstrumentPartViewController.xib in Resources */ = {isa = PBXBuildFile; fileRef = 0271B41029F1C68D00A27C92 /* InstrumentPartViewController.xib */; };
		027D6BA32939F87F00A7E99B /* ProgressionPlayer.swift in Sources */ = {isa = PBXBuildFile; fileRef = 027D6BA22939F87F00A7E99B /* ProgressionPlayer.swift */; };
		028DE86F29C46B18003671D0 /* Song.swift in Sources */ = {isa = PBXBuildFile; fileRef = 028DE86E29C46B18003671D0 /* Song.swift */; };
		028DE87129C46D3E003671D0 /* Setup.swift in Sources */ = {isa = PBXBuildFile; fileRef = 028DE87029C46D3E003671D0 /* Setup.swift */; };
		028DE87329C46E1E003671D0 /* Genre.swift in Sources */ = {isa = PBXBuildFile; fileRef = 028DE87229C46E1E003671D0 /* Genre.swift */; };
		028DE87529C46E42003671D0 /* BeatLength.swift in Sources */ = {isa = PBXBuildFile; fileRef = 028DE87429C46E42003671D0 /* BeatLength.swift */; };
		028DE87729C46F87003671D0 /* Key.swift in Sources */ = {isa = PBXBuildFile; fileRef = 028DE87629C46F87003671D0 /* Key.swift */; };
		028DE87929C47023003671D0 /* SongPart.swift in Sources */ = {isa = PBXBuildFile; fileRef = 028DE87829C47023003671D0 /* SongPart.swift */; };
		028DE87B29C4704C003671D0 /* StructurePart.swift in Sources */ = {isa = PBXBuildFile; fileRef = 028DE87A29C4704C003671D0 /* StructurePart.swift */; };
		028DE88029C470C9003671D0 /* Instrument.swift in Sources */ = {isa = PBXBuildFile; fileRef = 028DE87F29C470C9003671D0 /* Instrument.swift */; };
		028DE88229C471F1003671D0 /* Bar.swift in Sources */ = {isa = PBXBuildFile; fileRef = 028DE88129C471F1003671D0 /* Bar.swift */; };
		028DE88429C47280003671D0 /* Beat.swift in Sources */ = {isa = PBXBuildFile; fileRef = 028DE88329C47280003671D0 /* Beat.swift */; };
		028DE88629C473C0003671D0 /* Time.swift in Sources */ = {isa = PBXBuildFile; fileRef = 028DE88529C473C0003671D0 /* Time.swift */; };
		02A9F15D29DEF50B00B6D46B /* SongBuilderViewController.swift in Sources */ = {isa = PBXBuildFile; fileRef = 02A9F15B29DEF50B00B6D46B /* SongBuilderViewController.swift */; };
		02A9F15E29DEF50B00B6D46B /* SongBuilderViewController.xib in Resources */ = {isa = PBXBuildFile; fileRef = 02A9F15C29DEF50B00B6D46B /* SongBuilderViewController.xib */; };
		02B5EBBA28EAF21400D6AF94 /* ChordPlayer.swift in Sources */ = {isa = PBXBuildFile; fileRef = 02B5EBB928EAF21400D6AF94 /* ChordPlayer.swift */; };
		02D786C529EAD16E001423C2 /* ScaleStepsBlacklist.swift in Sources */ = {isa = PBXBuildFile; fileRef = 02D786C429EAD16E001423C2 /* ScaleStepsBlacklist.swift */; };
		02DA832429E40D2A0052C59A /* Colors.xcassets in Resources */ = {isa = PBXBuildFile; fileRef = 02DA832329E40D2A0052C59A /* Colors.xcassets */; };
		02DDDDC5299F616400D207B8 /* ProgressionConfigurationView.swift in Sources */ = {isa = PBXBuildFile; fileRef = 02DDDDC4299F616400D207B8 /* ProgressionConfigurationView.swift */; };
		02DDDDC7299F617800D207B8 /* ProgressionConfigurationView.xib in Resources */ = {isa = PBXBuildFile; fileRef = 02DDDDC6299F617800D207B8 /* ProgressionConfigurationView.xib */; };
		02E183A329D44C3900F968F1 /* SetupTableViewCell.swift in Sources */ = {isa = PBXBuildFile; fileRef = 02E183A129D44C3900F968F1 /* SetupTableViewCell.swift */; };
		02E183A429D44C3900F968F1 /* SetupTableViewCell.xib in Resources */ = {isa = PBXBuildFile; fileRef = 02E183A229D44C3900F968F1 /* SetupTableViewCell.xib */; };
		02F2D94428312D6E0084F8A1 /* Localizable.strings in Resources */ = {isa = PBXBuildFile; fileRef = 02F2D94628312D6E0084F8A1 /* Localizable.strings */; };
		02F2D94D283130580084F8A1 /* Localizable.swift in Sources */ = {isa = PBXBuildFile; fileRef = 02F2D94C283130580084F8A1 /* Localizable.swift */; };
		02F48AD329DF0A6E006D4C5C /* ResultTableViewCell.swift in Sources */ = {isa = PBXBuildFile; fileRef = 02F48AD129DF0A6E006D4C5C /* ResultTableViewCell.swift */; };
		02F48AD429DF0A6E006D4C5C /* ResultTableViewCell.xib in Resources */ = {isa = PBXBuildFile; fileRef = 02F48AD229DF0A6E006D4C5C /* ResultTableViewCell.xib */; };
		02F4DE5B2823034D0002B9DC /* NoteValue.swift in Sources */ = {isa = PBXBuildFile; fileRef = 02F4DE5A2823034D0002B9DC /* NoteValue.swift */; };
		02FAA7032836A2E100E63622 /* ProgressionViewController.swift in Sources */ = {isa = PBXBuildFile; fileRef = 02FAA7022836A2E100E63622 /* ProgressionViewController.swift */; };
		02FAA7052836A36000E63622 /* ProgressionViewController.xib in Resources */ = {isa = PBXBuildFile; fileRef = 02FAA7042836A36000E63622 /* ProgressionViewController.xib */; };
		02FD3019298BC2FD007CDCB8 /* NotePickerView.xib in Resources */ = {isa = PBXBuildFile; fileRef = 02FD3018298BC2FD007CDCB8 /* NotePickerView.xib */; };
		C27B571D9C4046C7F7A386F7 /* libPods-M.U.S.E..a in Frameworks */ = {isa = PBXBuildFile; fileRef = 0DDEA0D2491F6128454F4A13 /* libPods-M.U.S.E..a */; };
		E8E30A0528F9DEFF007FF597 /* G1.mp3 in Resources */ = {isa = PBXBuildFile; fileRef = E8E309A528F9DEFC007FF597 /* G1.mp3 */; };
		E8E30A0628F9DEFF007FF597 /* G5.mp3 in Resources */ = {isa = PBXBuildFile; fileRef = E8E309A628F9DEFC007FF597 /* G5.mp3 */; };
		E8E30A0728F9DEFF007FF597 /* F#5.mp3 in Resources */ = {isa = PBXBuildFile; fileRef = E8E309A728F9DEFC007FF597 /* F#5.mp3 */; };
		E8E30A0828F9DEFF007FF597 /* C1.mp3 in Resources */ = {isa = PBXBuildFile; fileRef = E8E309A828F9DEFC007FF597 /* C1.mp3 */; };
		E8E30A0928F9DEFF007FF597 /* E4.mp3 in Resources */ = {isa = PBXBuildFile; fileRef = E8E309A928F9DEFC007FF597 /* E4.mp3 */; };
		E8E30A0A28F9DEFF007FF597 /* C#7.mp3 in Resources */ = {isa = PBXBuildFile; fileRef = E8E309AA28F9DEFC007FF597 /* C#7.mp3 */; };
		E8E30A0B28F9DEFF007FF597 /* F#0.mp3 in Resources */ = {isa = PBXBuildFile; fileRef = E8E309AB28F9DEFC007FF597 /* F#0.mp3 */; };
		E8E30A0C28F9DEFF007FF597 /* A4.mp3 in Resources */ = {isa = PBXBuildFile; fileRef = E8E309AC28F9DEFC007FF597 /* A4.mp3 */; };
		E8E30A0D28F9DEFF007FF597 /* G6.mp3 in Resources */ = {isa = PBXBuildFile; fileRef = E8E309AD28F9DEFC007FF597 /* G6.mp3 */; };
		E8E30A0E28F9DEFF007FF597 /* G7.mp3 in Resources */ = {isa = PBXBuildFile; fileRef = E8E309AE28F9DEFD007FF597 /* G7.mp3 */; };
		E8E30A0F28F9DEFF007FF597 /* G#6.mp3 in Resources */ = {isa = PBXBuildFile; fileRef = E8E309AF28F9DEFD007FF597 /* G#6.mp3 */; };
		E8E30A1028F9DEFF007FF597 /* A6.mp3 in Resources */ = {isa = PBXBuildFile; fileRef = E8E309B028F9DEFD007FF597 /* A6.mp3 */; };
		E8E30A1128F9DEFF007FF597 /* F#7.mp3 in Resources */ = {isa = PBXBuildFile; fileRef = E8E309B128F9DEFD007FF597 /* F#7.mp3 */; };
		E8E30A1228F9DEFF007FF597 /* C#2.mp3 in Resources */ = {isa = PBXBuildFile; fileRef = E8E309B228F9DEFD007FF597 /* C#2.mp3 */; };
		E8E30A1328F9DEFF007FF597 /* A#7.mp3 in Resources */ = {isa = PBXBuildFile; fileRef = E8E309B328F9DEFD007FF597 /* A#7.mp3 */; };
		E8E30A1428F9DEFF007FF597 /* F2.mp3 in Resources */ = {isa = PBXBuildFile; fileRef = E8E309B428F9DEFD007FF597 /* F2.mp3 */; };
		E8E30A1528F9DEFF007FF597 /* G#0.mp3 in Resources */ = {isa = PBXBuildFile; fileRef = E8E309B528F9DEFD007FF597 /* G#0.mp3 */; };
		E8E30A1628F9DEFF007FF597 /* G#4.mp3 in Resources */ = {isa = PBXBuildFile; fileRef = E8E309B628F9DEFD007FF597 /* G#4.mp3 */; };
		E8E30A1728F9DEFF007FF597 /* C#6.mp3 in Resources */ = {isa = PBXBuildFile; fileRef = E8E309B728F9DEFD007FF597 /* C#6.mp3 */; };
		E8E30A1828F9DEFF007FF597 /* C#4.mp3 in Resources */ = {isa = PBXBuildFile; fileRef = E8E309B828F9DEFD007FF597 /* C#4.mp3 */; };
		E8E30A1928F9DEFF007FF597 /* F#1.mp3 in Resources */ = {isa = PBXBuildFile; fileRef = E8E309B928F9DEFD007FF597 /* F#1.mp3 */; };
		E8E30A1A28F9DEFF007FF597 /* C#0.mp3 in Resources */ = {isa = PBXBuildFile; fileRef = E8E309BA28F9DEFD007FF597 /* C#0.mp3 */; };
		E8E30A1B28F9DEFF007FF597 /* A#1.mp3 in Resources */ = {isa = PBXBuildFile; fileRef = E8E309BB28F9DEFD007FF597 /* A#1.mp3 */; };
		E8E30A1C28F9DEFF007FF597 /* C0.mp3 in Resources */ = {isa = PBXBuildFile; fileRef = E8E309BC28F9DEFD007FF597 /* C0.mp3 */; };
		E8E30A1D28F9DEFF007FF597 /* A2.mp3 in Resources */ = {isa = PBXBuildFile; fileRef = E8E309BD28F9DEFD007FF597 /* A2.mp3 */; };
		E8E30A1E28F9DEFF007FF597 /* A3.mp3 in Resources */ = {isa = PBXBuildFile; fileRef = E8E309BE28F9DEFD007FF597 /* A3.mp3 */; };
		E8E30A1F28F9DEFF007FF597 /* G3.mp3 in Resources */ = {isa = PBXBuildFile; fileRef = E8E309BF28F9DEFD007FF597 /* G3.mp3 */; };
		E8E30A2028F9DEFF007FF597 /* E1.mp3 in Resources */ = {isa = PBXBuildFile; fileRef = E8E309C028F9DEFD007FF597 /* E1.mp3 */; };
		E8E30A2128F9DEFF007FF597 /* D0.mp3 in Resources */ = {isa = PBXBuildFile; fileRef = E8E309C128F9DEFD007FF597 /* D0.mp3 */; };
		E8E30A2228F9DEFF007FF597 /* D5.mp3 in Resources */ = {isa = PBXBuildFile; fileRef = E8E309C228F9DEFD007FF597 /* D5.mp3 */; };
		E8E30A2328F9DEFF007FF597 /* E6.mp3 in Resources */ = {isa = PBXBuildFile; fileRef = E8E309C328F9DEFD007FF597 /* E6.mp3 */; };
		E8E30A2428F9DEFF007FF597 /* A#3.mp3 in Resources */ = {isa = PBXBuildFile; fileRef = E8E309C428F9DEFD007FF597 /* A#3.mp3 */; };
		E8E30A2528F9DEFF007FF597 /* D3.mp3 in Resources */ = {isa = PBXBuildFile; fileRef = E8E309C528F9DEFD007FF597 /* D3.mp3 */; };
		E8E30A2628F9DEFF007FF597 /* C6.mp3 in Resources */ = {isa = PBXBuildFile; fileRef = E8E309C628F9DEFD007FF597 /* C6.mp3 */; };
		E8E30A2728F9DEFF007FF597 /* F#4.mp3 in Resources */ = {isa = PBXBuildFile; fileRef = E8E309C728F9DEFD007FF597 /* F#4.mp3 */; };
		E8E30A2828F9DEFF007FF597 /* B1.mp3 in Resources */ = {isa = PBXBuildFile; fileRef = E8E309C828F9DEFD007FF597 /* B1.mp3 */; };
		E8E30A2928F9DEFF007FF597 /* A#5.mp3 in Resources */ = {isa = PBXBuildFile; fileRef = E8E309C928F9DEFD007FF597 /* A#5.mp3 */; };
		E8E30A2A28F9DEFF007FF597 /* C7.mp3 in Resources */ = {isa = PBXBuildFile; fileRef = E8E309CA28F9DEFD007FF597 /* C7.mp3 */; };
		E8E30A2B28F9DEFF007FF597 /* A#6.mp3 in Resources */ = {isa = PBXBuildFile; fileRef = E8E309CB28F9DEFD007FF597 /* A#6.mp3 */; };
		E8E30A2C28F9DEFF007FF597 /* C2.mp3 in Resources */ = {isa = PBXBuildFile; fileRef = E8E309CC28F9DEFE007FF597 /* C2.mp3 */; };
		E8E30A2D28F9DEFF007FF597 /* B3.mp3 in Resources */ = {isa = PBXBuildFile; fileRef = E8E309CD28F9DEFE007FF597 /* B3.mp3 */; };
		E8E30A2E28F9DEFF007FF597 /* E3.mp3 in Resources */ = {isa = PBXBuildFile; fileRef = E8E309CE28F9DEFE007FF597 /* E3.mp3 */; };
		E8E30A2F28F9DEFF007FF597 /* F6.mp3 in Resources */ = {isa = PBXBuildFile; fileRef = E8E309CF28F9DEFE007FF597 /* F6.mp3 */; };
		E8E30A3028F9DEFF007FF597 /* F7.mp3 in Resources */ = {isa = PBXBuildFile; fileRef = E8E309D028F9DEFE007FF597 /* F7.mp3 */; };
		E8E30A3128F9DEFF007FF597 /* C#5.mp3 in Resources */ = {isa = PBXBuildFile; fileRef = E8E309D128F9DEFE007FF597 /* C#5.mp3 */; };
		E8E30A3228F9DEFF007FF597 /* D#1.mp3 in Resources */ = {isa = PBXBuildFile; fileRef = E8E309D228F9DEFE007FF597 /* D#1.mp3 */; };
		E8E30A3328F9DEFF007FF597 /* G0.mp3 in Resources */ = {isa = PBXBuildFile; fileRef = E8E309D328F9DEFE007FF597 /* G0.mp3 */; };
		E8E30A3428F9DEFF007FF597 /* G#5.mp3 in Resources */ = {isa = PBXBuildFile; fileRef = E8E309D428F9DEFE007FF597 /* G#5.mp3 */; };
		E8E30A3528F9DEFF007FF597 /* G#1.mp3 in Resources */ = {isa = PBXBuildFile; fileRef = E8E309D528F9DEFE007FF597 /* G#1.mp3 */; };
		E8E30A3628F9DEFF007FF597 /* A0.mp3 in Resources */ = {isa = PBXBuildFile; fileRef = E8E309D628F9DEFE007FF597 /* A0.mp3 */; };
		E8E30A3728F9DEFF007FF597 /* E2.mp3 in Resources */ = {isa = PBXBuildFile; fileRef = E8E309D728F9DEFE007FF597 /* E2.mp3 */; };
		E8E30A3828F9DEFF007FF597 /* D#3.mp3 in Resources */ = {isa = PBXBuildFile; fileRef = E8E309D828F9DEFE007FF597 /* D#3.mp3 */; };
		E8E30A3928F9DEFF007FF597 /* B5.mp3 in Resources */ = {isa = PBXBuildFile; fileRef = E8E309D928F9DEFE007FF597 /* B5.mp3 */; };
		E8E30A3A28F9DEFF007FF597 /* G#2.mp3 in Resources */ = {isa = PBXBuildFile; fileRef = E8E309DA28F9DEFE007FF597 /* G#2.mp3 */; };
		E8E30A3B28F9DEFF007FF597 /* D#0.mp3 in Resources */ = {isa = PBXBuildFile; fileRef = E8E309DB28F9DEFE007FF597 /* D#0.mp3 */; };
		E8E30A3C28F9DEFF007FF597 /* C5.mp3 in Resources */ = {isa = PBXBuildFile; fileRef = E8E309DC28F9DEFE007FF597 /* C5.mp3 */; };
		E8E30A3D28F9DEFF007FF597 /* E5.mp3 in Resources */ = {isa = PBXBuildFile; fileRef = E8E309DD28F9DEFE007FF597 /* E5.mp3 */; };
		E8E30A3E28F9DEFF007FF597 /* D#2.mp3 in Resources */ = {isa = PBXBuildFile; fileRef = E8E309DE28F9DEFE007FF597 /* D#2.mp3 */; };
		E8E30A3F28F9DEFF007FF597 /* B0.mp3 in Resources */ = {isa = PBXBuildFile; fileRef = E8E309DF28F9DEFE007FF597 /* B0.mp3 */; };
		E8E30A4028F9DEFF007FF597 /* B7.mp3 in Resources */ = {isa = PBXBuildFile; fileRef = E8E309E028F9DEFE007FF597 /* B7.mp3 */; };
		E8E30A4128F9DEFF007FF597 /* C3.mp3 in Resources */ = {isa = PBXBuildFile; fileRef = E8E309E128F9DEFE007FF597 /* C3.mp3 */; };
		E8E30A4228F9DEFF007FF597 /* F4.mp3 in Resources */ = {isa = PBXBuildFile; fileRef = E8E309E228F9DEFE007FF597 /* F4.mp3 */; };
		E8E30A4328F9DEFF007FF597 /* G4.mp3 in Resources */ = {isa = PBXBuildFile; fileRef = E8E309E328F9DEFE007FF597 /* G4.mp3 */; };
		E8E30A4428F9DEFF007FF597 /* D#6.mp3 in Resources */ = {isa = PBXBuildFile; fileRef = E8E309E428F9DEFE007FF597 /* D#6.mp3 */; };
		E8E30A4528F9DEFF007FF597 /* A5.mp3 in Resources */ = {isa = PBXBuildFile; fileRef = E8E309E528F9DEFE007FF597 /* A5.mp3 */; };
		E8E30A4628F9DEFF007FF597 /* D#5.mp3 in Resources */ = {isa = PBXBuildFile; fileRef = E8E309E628F9DEFE007FF597 /* D#5.mp3 */; };
		E8E30A4728F9DEFF007FF597 /* G2.mp3 in Resources */ = {isa = PBXBuildFile; fileRef = E8E309E728F9DEFE007FF597 /* G2.mp3 */; };
		E8E30A4828F9DEFF007FF597 /* F3.mp3 in Resources */ = {isa = PBXBuildFile; fileRef = E8E309E828F9DEFE007FF597 /* F3.mp3 */; };
		E8E30A4928F9DEFF007FF597 /* A#2.mp3 in Resources */ = {isa = PBXBuildFile; fileRef = E8E309E928F9DEFE007FF597 /* A#2.mp3 */; };
		E8E30A4A28F9DEFF007FF597 /* B2.mp3 in Resources */ = {isa = PBXBuildFile; fileRef = E8E309EA28F9DEFE007FF597 /* B2.mp3 */; };
		E8E30A4B28F9DEFF007FF597 /* C#3.mp3 in Resources */ = {isa = PBXBuildFile; fileRef = E8E309EB28F9DEFE007FF597 /* C#3.mp3 */; };
		E8E30A4C28F9DEFF007FF597 /* D1.mp3 in Resources */ = {isa = PBXBuildFile; fileRef = E8E309EC28F9DEFE007FF597 /* D1.mp3 */; };
		E8E30A4D28F9DEFF007FF597 /* D#4.mp3 in Resources */ = {isa = PBXBuildFile; fileRef = E8E309ED28F9DEFE007FF597 /* D#4.mp3 */; };
		E8E30A4E28F9DEFF007FF597 /* D6.mp3 in Resources */ = {isa = PBXBuildFile; fileRef = E8E309EE28F9DEFE007FF597 /* D6.mp3 */; };
		E8E30A4F28F9DEFF007FF597 /* A#0.mp3 in Resources */ = {isa = PBXBuildFile; fileRef = E8E309EF28F9DEFE007FF597 /* A#0.mp3 */; };
		E8E30A5028F9DEFF007FF597 /* F#6.mp3 in Resources */ = {isa = PBXBuildFile; fileRef = E8E309F028F9DEFE007FF597 /* F#6.mp3 */; };
		E8E30A5128F9DEFF007FF597 /* F0.mp3 in Resources */ = {isa = PBXBuildFile; fileRef = E8E309F128F9DEFE007FF597 /* F0.mp3 */; };
		E8E30A5228F9DEFF007FF597 /* G#3.mp3 in Resources */ = {isa = PBXBuildFile; fileRef = E8E309F228F9DEFE007FF597 /* G#3.mp3 */; };
		E8E30A5328F9DEFF007FF597 /* G#7.mp3 in Resources */ = {isa = PBXBuildFile; fileRef = E8E309F328F9DEFF007FF597 /* G#7.mp3 */; };
		E8E30A5428F9DEFF007FF597 /* B4.mp3 in Resources */ = {isa = PBXBuildFile; fileRef = E8E309F428F9DEFF007FF597 /* B4.mp3 */; };
		E8E30A5528F9DEFF007FF597 /* B6.mp3 in Resources */ = {isa = PBXBuildFile; fileRef = E8E309F528F9DEFF007FF597 /* B6.mp3 */; };
		E8E30A5628F9DEFF007FF597 /* D#7.mp3 in Resources */ = {isa = PBXBuildFile; fileRef = E8E309F628F9DEFF007FF597 /* D#7.mp3 */; };
		E8E30A5728F9DEFF007FF597 /* C#1.mp3 in Resources */ = {isa = PBXBuildFile; fileRef = E8E309F728F9DEFF007FF597 /* C#1.mp3 */; };
		E8E30A5828F9DEFF007FF597 /* A1.mp3 in Resources */ = {isa = PBXBuildFile; fileRef = E8E309F828F9DEFF007FF597 /* A1.mp3 */; };
		E8E30A5928F9DEFF007FF597 /* A7.mp3 in Resources */ = {isa = PBXBuildFile; fileRef = E8E309F928F9DEFF007FF597 /* A7.mp3 */; };
		E8E30A5A28F9DEFF007FF597 /* D4.mp3 in Resources */ = {isa = PBXBuildFile; fileRef = E8E309FA28F9DEFF007FF597 /* D4.mp3 */; };
		E8E30A5B28F9DEFF007FF597 /* E0.mp3 in Resources */ = {isa = PBXBuildFile; fileRef = E8E309FB28F9DEFF007FF597 /* E0.mp3 */; };
		E8E30A5C28F9DEFF007FF597 /* A#4.mp3 in Resources */ = {isa = PBXBuildFile; fileRef = E8E309FC28F9DEFF007FF597 /* A#4.mp3 */; };
		E8E30A5D28F9DEFF007FF597 /* E7.mp3 in Resources */ = {isa = PBXBuildFile; fileRef = E8E309FD28F9DEFF007FF597 /* E7.mp3 */; };
		E8E30A5E28F9DEFF007FF597 /* D2.mp3 in Resources */ = {isa = PBXBuildFile; fileRef = E8E309FE28F9DEFF007FF597 /* D2.mp3 */; };
		E8E30A5F28F9DEFF007FF597 /* D7.mp3 in Resources */ = {isa = PBXBuildFile; fileRef = E8E309FF28F9DEFF007FF597 /* D7.mp3 */; };
		E8E30A6028F9DEFF007FF597 /* C4.mp3 in Resources */ = {isa = PBXBuildFile; fileRef = E8E30A0028F9DEFF007FF597 /* C4.mp3 */; };
		E8E30A6128F9DEFF007FF597 /* F#2.mp3 in Resources */ = {isa = PBXBuildFile; fileRef = E8E30A0128F9DEFF007FF597 /* F#2.mp3 */; };
		E8E30A6228F9DEFF007FF597 /* F#3.mp3 in Resources */ = {isa = PBXBuildFile; fileRef = E8E30A0228F9DEFF007FF597 /* F#3.mp3 */; };
		E8E30A6328F9DEFF007FF597 /* F1.mp3 in Resources */ = {isa = PBXBuildFile; fileRef = E8E30A0328F9DEFF007FF597 /* F1.mp3 */; };
		E8E30A6428F9DEFF007FF597 /* F5.mp3 in Resources */ = {isa = PBXBuildFile; fileRef = E8E30A0428F9DEFF007FF597 /* F5.mp3 */; };
/* End PBXBuildFile section */

/* Begin PBXFileReference section */
		020F8E8929D34C5B006B4E7A /* SongsViewController.swift */ = {isa = PBXFileReference; lastKnownFileType = sourcecode.swift; path = SongsViewController.swift; sourceTree = "<group>"; };
		020F8E8A29D34C5B006B4E7A /* SongsViewController.xib */ = {isa = PBXFileReference; lastKnownFileType = file.xib; path = SongsViewController.xib; sourceTree = "<group>"; };
		020F8E8E29D34E20006B4E7A /* SongTableViewCell.swift */ = {isa = PBXFileReference; lastKnownFileType = sourcecode.swift; path = SongTableViewCell.swift; sourceTree = "<group>"; };
		020F8E8F29D34E20006B4E7A /* SongTableViewCell.xib */ = {isa = PBXFileReference; lastKnownFileType = file.xib; path = SongTableViewCell.xib; sourceTree = "<group>"; };
		02173549292275FB006A67B5 /* Progression.swift */ = {isa = PBXFileReference; lastKnownFileType = sourcecode.swift; path = Progression.swift; sourceTree = "<group>"; };
		0217354D29227752006A67B5 /* ProgressionVersion.swift */ = {isa = PBXFileReference; lastKnownFileType = sourcecode.swift; path = ProgressionVersion.swift; sourceTree = "<group>"; };
		0217354F29227E21006A67B5 /* Scale.swift */ = {isa = PBXFileReference; lastKnownFileType = sourcecode.swift; path = Scale.swift; sourceTree = "<group>"; };
		0217355129227E63006A67B5 /* ScaleType.swift */ = {isa = PBXFileReference; lastKnownFileType = sourcecode.swift; path = ScaleType.swift; sourceTree = "<group>"; };
		0217355329227F32006A67B5 /* ScaleStep.swift */ = {isa = PBXFileReference; lastKnownFileType = sourcecode.swift; path = ScaleStep.swift; sourceTree = "<group>"; };
		021C9C2D281DB18B00BDB0A6 /* ChordType.swift */ = {isa = PBXFileReference; lastKnownFileType = sourcecode.swift; path = ChordType.swift; sourceTree = "<group>"; };
		022041C129C23A750038121C /* StructureTableViewCell.xib */ = {isa = PBXFileReference; fileEncoding = 4; lastKnownFileType = file.xib; path = StructureTableViewCell.xib; sourceTree = "<group>"; };
		022041CD29C23FD90038121C /* SceneDelegate.swift */ = {isa = PBXFileReference; lastKnownFileType = sourcecode.swift; path = SceneDelegate.swift; sourceTree = "<group>"; };
		02218D5D28368884004C30B2 /* MainTabBarController.swift */ = {isa = PBXFileReference; lastKnownFileType = sourcecode.swift; path = MainTabBarController.swift; sourceTree = "<group>"; };
		02218D6128369145004C30B2 /* ChordViewController.xib */ = {isa = PBXFileReference; lastKnownFileType = file.xib; path = ChordViewController.xib; sourceTree = "<group>"; };
		022B901528187BD7009ED3F7 /* Octave.swift */ = {isa = PBXFileReference; lastKnownFileType = sourcecode.swift; path = Octave.swift; sourceTree = "<group>"; };
		022B901728187C07009ED3F7 /* Interval.swift */ = {isa = PBXFileReference; lastKnownFileType = sourcecode.swift; path = Interval.swift; sourceTree = "<group>"; };
		022B90192818839F009ED3F7 /* Chord.swift */ = {isa = PBXFileReference; lastKnownFileType = sourcecode.swift; path = Chord.swift; sourceTree = "<group>"; };
		022FF1CC29C23A5900CEDD5E /* StructureTableViewCell.swift */ = {isa = PBXFileReference; lastKnownFileType = sourcecode.swift; path = StructureTableViewCell.swift; sourceTree = "<group>"; };
		0251473629CC93BA002EAA90 /* StructurePartTableViewCell.swift */ = {isa = PBXFileReference; lastKnownFileType = sourcecode.swift; path = StructurePartTableViewCell.swift; sourceTree = "<group>"; };
		0251473729CC93BA002EAA90 /* StructurePartTableViewCell.xib */ = {isa = PBXFileReference; lastKnownFileType = file.xib; path = StructurePartTableViewCell.xib; sourceTree = "<group>"; };
		02572C11298BC44D003B5070 /* NotePickerView.swift */ = {isa = PBXFileReference; lastKnownFileType = sourcecode.swift; path = NotePickerView.swift; sourceTree = "<group>"; };
		025B326B29E549F50001A948 /* SongPartDetailsViewController.swift */ = {isa = PBXFileReference; lastKnownFileType = sourcecode.swift; path = SongPartDetailsViewController.swift; sourceTree = "<group>"; };
		025B326C29E549F50001A948 /* SongPartDetailsViewController.xib */ = {isa = PBXFileReference; lastKnownFileType = file.xib; path = SongPartDetailsViewController.xib; sourceTree = "<group>"; };
		025B326F29E54D590001A948 /* AssignedInstrumentsTableViewCell.swift */ = {isa = PBXFileReference; lastKnownFileType = sourcecode.swift; path = AssignedInstrumentsTableViewCell.swift; sourceTree = "<group>"; };
		025B327029E54D590001A948 /* AssignedInstrumentsTableViewCell.xib */ = {isa = PBXFileReference; lastKnownFileType = file.xib; path = AssignedInstrumentsTableViewCell.xib; sourceTree = "<group>"; };
		025B327429E55A960001A948 /* StructurePartProgressionTableViewCell.swift */ = {isa = PBXFileReference; lastKnownFileType = sourcecode.swift; path = StructurePartProgressionTableViewCell.swift; sourceTree = "<group>"; };
		025B327529E55A970001A948 /* StructurePartProgressionTableViewCell.xib */ = {isa = PBXFileReference; lastKnownFileType = file.xib; path = StructurePartProgressionTableViewCell.xib; sourceTree = "<group>"; };
		025B327B29E5603B0001A948 /* TitleTableViewCell.swift */ = {isa = PBXFileReference; lastKnownFileType = sourcecode.swift; path = TitleTableViewCell.swift; sourceTree = "<group>"; };
		025B327C29E5603B0001A948 /* TitleTableViewCell.xib */ = {isa = PBXFileReference; lastKnownFileType = file.xib; path = TitleTableViewCell.xib; sourceTree = "<group>"; };
		027102AE2814743000694F3E /* M.U.S.E..app */ = {isa = PBXFileReference; explicitFileType = wrapper.application; includeInIndex = 0; path = M.U.S.E..app; sourceTree = BUILT_PRODUCTS_DIR; };
		027102B12814743000694F3E /* AppDelegate.swift */ = {isa = PBXFileReference; lastKnownFileType = sourcecode.swift; path = AppDelegate.swift; sourceTree = "<group>"; };
		027102B52814743000694F3E /* ChordViewController.swift */ = {isa = PBXFileReference; lastKnownFileType = sourcecode.swift; path = ChordViewController.swift; sourceTree = "<group>"; };
		027102BD2814743200694F3E /* Base */ = {isa = PBXFileReference; lastKnownFileType = file.storyboard; name = Base; path = Base.lproj/LaunchScreen.storyboard; sourceTree = "<group>"; };
		027102BF2814743200694F3E /* Info.plist */ = {isa = PBXFileReference; lastKnownFileType = text.plist.xml; path = Info.plist; sourceTree = "<group>"; };
		027102CF281479D600694F3E /* Note.swift */ = {isa = PBXFileReference; lastKnownFileType = sourcecode.swift; path = Note.swift; sourceTree = "<group>"; };
		0271B40A29F16B8500A27C92 /* InstrumentPart.swift */ = {isa = PBXFileReference; lastKnownFileType = sourcecode.swift; path = InstrumentPart.swift; sourceTree = "<group>"; };
		0271B40F29F1C68D00A27C92 /* InstrumentPartViewController.swift */ = {isa = PBXFileReference; lastKnownFileType = sourcecode.swift; path = InstrumentPartViewController.swift; sourceTree = "<group>"; };
		0271B41029F1C68D00A27C92 /* InstrumentPartViewController.xib */ = {isa = PBXFileReference; lastKnownFileType = file.xib; path = InstrumentPartViewController.xib; sourceTree = "<group>"; };
		027D6BA22939F87F00A7E99B /* ProgressionPlayer.swift */ = {isa = PBXFileReference; lastKnownFileType = sourcecode.swift; path = ProgressionPlayer.swift; sourceTree = "<group>"; };
		028DE86E29C46B18003671D0 /* Song.swift */ = {isa = PBXFileReference; lastKnownFileType = sourcecode.swift; path = Song.swift; sourceTree = "<group>"; };
		028DE87029C46D3E003671D0 /* Setup.swift */ = {isa = PBXFileReference; lastKnownFileType = sourcecode.swift; path = Setup.swift; sourceTree = "<group>"; };
		028DE87229C46E1E003671D0 /* Genre.swift */ = {isa = PBXFileReference; lastKnownFileType = sourcecode.swift; path = Genre.swift; sourceTree = "<group>"; };
		028DE87429C46E42003671D0 /* BeatLength.swift */ = {isa = PBXFileReference; lastKnownFileType = sourcecode.swift; path = BeatLength.swift; sourceTree = "<group>"; };
		028DE87629C46F87003671D0 /* Key.swift */ = {isa = PBXFileReference; lastKnownFileType = sourcecode.swift; path = Key.swift; sourceTree = "<group>"; };
		028DE87829C47023003671D0 /* SongPart.swift */ = {isa = PBXFileReference; lastKnownFileType = sourcecode.swift; path = SongPart.swift; sourceTree = "<group>"; };
		028DE87A29C4704C003671D0 /* StructurePart.swift */ = {isa = PBXFileReference; lastKnownFileType = sourcecode.swift; path = StructurePart.swift; sourceTree = "<group>"; };
		028DE87F29C470C9003671D0 /* Instrument.swift */ = {isa = PBXFileReference; lastKnownFileType = sourcecode.swift; path = Instrument.swift; sourceTree = "<group>"; };
		028DE88129C471F1003671D0 /* Bar.swift */ = {isa = PBXFileReference; lastKnownFileType = sourcecode.swift; path = Bar.swift; sourceTree = "<group>"; };
		028DE88329C47280003671D0 /* Beat.swift */ = {isa = PBXFileReference; lastKnownFileType = sourcecode.swift; path = Beat.swift; sourceTree = "<group>"; };
		028DE88529C473C0003671D0 /* Time.swift */ = {isa = PBXFileReference; lastKnownFileType = sourcecode.swift; path = Time.swift; sourceTree = "<group>"; };
		02A9F15B29DEF50B00B6D46B /* SongBuilderViewController.swift */ = {isa = PBXFileReference; lastKnownFileType = sourcecode.swift; path = SongBuilderViewController.swift; sourceTree = "<group>"; };
		02A9F15C29DEF50B00B6D46B /* SongBuilderViewController.xib */ = {isa = PBXFileReference; lastKnownFileType = file.xib; path = SongBuilderViewController.xib; sourceTree = "<group>"; };
		02B5EBB928EAF21400D6AF94 /* ChordPlayer.swift */ = {isa = PBXFileReference; lastKnownFileType = sourcecode.swift; path = ChordPlayer.swift; sourceTree = "<group>"; };
		02D786C429EAD16E001423C2 /* ScaleStepsBlacklist.swift */ = {isa = PBXFileReference; lastKnownFileType = sourcecode.swift; path = ScaleStepsBlacklist.swift; sourceTree = "<group>"; };
		02DA832329E40D2A0052C59A /* Colors.xcassets */ = {isa = PBXFileReference; lastKnownFileType = folder.assetcatalog; path = Colors.xcassets; sourceTree = "<group>"; };
		02DDDDC4299F616400D207B8 /* ProgressionConfigurationView.swift */ = {isa = PBXFileReference; lastKnownFileType = sourcecode.swift; path = ProgressionConfigurationView.swift; sourceTree = "<group>"; };
		02DDDDC6299F617800D207B8 /* ProgressionConfigurationView.xib */ = {isa = PBXFileReference; lastKnownFileType = file.xib; path = ProgressionConfigurationView.xib; sourceTree = "<group>"; };
		02E183A129D44C3900F968F1 /* SetupTableViewCell.swift */ = {isa = PBXFileReference; lastKnownFileType = sourcecode.swift; path = SetupTableViewCell.swift; sourceTree = "<group>"; };
		02E183A229D44C3900F968F1 /* SetupTableViewCell.xib */ = {isa = PBXFileReference; lastKnownFileType = file.xib; path = SetupTableViewCell.xib; sourceTree = "<group>"; };
		02F2D94528312D6E0084F8A1 /* en */ = {isa = PBXFileReference; lastKnownFileType = text.plist.strings; name = en; path = en.lproj/Localizable.strings; sourceTree = "<group>"; };
		02F2D94728312D8E0084F8A1 /* ru */ = {isa = PBXFileReference; lastKnownFileType = text.plist.strings; name = ru; path = ru.lproj/Localizable.strings; sourceTree = "<group>"; };
		02F2D94C283130580084F8A1 /* Localizable.swift */ = {isa = PBXFileReference; fileEncoding = 4; lastKnownFileType = sourcecode.swift; path = Localizable.swift; sourceTree = "<group>"; };
		02F48AD129DF0A6E006D4C5C /* ResultTableViewCell.swift */ = {isa = PBXFileReference; lastKnownFileType = sourcecode.swift; path = ResultTableViewCell.swift; sourceTree = "<group>"; };
		02F48AD229DF0A6E006D4C5C /* ResultTableViewCell.xib */ = {isa = PBXFileReference; lastKnownFileType = file.xib; path = ResultTableViewCell.xib; sourceTree = "<group>"; };
		02F4DE5A2823034D0002B9DC /* NoteValue.swift */ = {isa = PBXFileReference; lastKnownFileType = sourcecode.swift; path = NoteValue.swift; sourceTree = "<group>"; };
		02FAA7022836A2E100E63622 /* ProgressionViewController.swift */ = {isa = PBXFileReference; lastKnownFileType = sourcecode.swift; path = ProgressionViewController.swift; sourceTree = "<group>"; };
		02FAA7042836A36000E63622 /* ProgressionViewController.xib */ = {isa = PBXFileReference; lastKnownFileType = file.xib; path = ProgressionViewController.xib; sourceTree = "<group>"; };
		02FD3018298BC2FD007CDCB8 /* NotePickerView.xib */ = {isa = PBXFileReference; lastKnownFileType = file.xib; path = NotePickerView.xib; sourceTree = "<group>"; };
		0DDEA0D2491F6128454F4A13 /* libPods-M.U.S.E..a */ = {isa = PBXFileReference; explicitFileType = archive.ar; includeInIndex = 0; path = "libPods-M.U.S.E..a"; sourceTree = BUILT_PRODUCTS_DIR; };
		85B676175952A809D80D314F /* Pods-M.U.S.E..debug.xcconfig */ = {isa = PBXFileReference; includeInIndex = 1; lastKnownFileType = text.xcconfig; name = "Pods-M.U.S.E..debug.xcconfig"; path = "Target Support Files/Pods-M.U.S.E./Pods-M.U.S.E..debug.xcconfig"; sourceTree = "<group>"; };
		E8E309A528F9DEFC007FF597 /* G1.mp3 */ = {isa = PBXFileReference; lastKnownFileType = audio.mp3; path = G1.mp3; sourceTree = "<group>"; };
		E8E309A628F9DEFC007FF597 /* G5.mp3 */ = {isa = PBXFileReference; lastKnownFileType = audio.mp3; path = G5.mp3; sourceTree = "<group>"; };
		E8E309A728F9DEFC007FF597 /* F#5.mp3 */ = {isa = PBXFileReference; lastKnownFileType = audio.mp3; path = "F#5.mp3"; sourceTree = "<group>"; };
		E8E309A828F9DEFC007FF597 /* C1.mp3 */ = {isa = PBXFileReference; lastKnownFileType = audio.mp3; path = C1.mp3; sourceTree = "<group>"; };
		E8E309A928F9DEFC007FF597 /* E4.mp3 */ = {isa = PBXFileReference; lastKnownFileType = audio.mp3; path = E4.mp3; sourceTree = "<group>"; };
		E8E309AA28F9DEFC007FF597 /* C#7.mp3 */ = {isa = PBXFileReference; lastKnownFileType = audio.mp3; path = "C#7.mp3"; sourceTree = "<group>"; };
		E8E309AB28F9DEFC007FF597 /* F#0.mp3 */ = {isa = PBXFileReference; lastKnownFileType = audio.mp3; path = "F#0.mp3"; sourceTree = "<group>"; };
		E8E309AC28F9DEFC007FF597 /* A4.mp3 */ = {isa = PBXFileReference; lastKnownFileType = audio.mp3; path = A4.mp3; sourceTree = "<group>"; };
		E8E309AD28F9DEFC007FF597 /* G6.mp3 */ = {isa = PBXFileReference; lastKnownFileType = audio.mp3; path = G6.mp3; sourceTree = "<group>"; };
		E8E309AE28F9DEFD007FF597 /* G7.mp3 */ = {isa = PBXFileReference; lastKnownFileType = audio.mp3; path = G7.mp3; sourceTree = "<group>"; };
		E8E309AF28F9DEFD007FF597 /* G#6.mp3 */ = {isa = PBXFileReference; lastKnownFileType = audio.mp3; path = "G#6.mp3"; sourceTree = "<group>"; };
		E8E309B028F9DEFD007FF597 /* A6.mp3 */ = {isa = PBXFileReference; lastKnownFileType = audio.mp3; path = A6.mp3; sourceTree = "<group>"; };
		E8E309B128F9DEFD007FF597 /* F#7.mp3 */ = {isa = PBXFileReference; lastKnownFileType = audio.mp3; path = "F#7.mp3"; sourceTree = "<group>"; };
		E8E309B228F9DEFD007FF597 /* C#2.mp3 */ = {isa = PBXFileReference; lastKnownFileType = audio.mp3; path = "C#2.mp3"; sourceTree = "<group>"; };
		E8E309B328F9DEFD007FF597 /* A#7.mp3 */ = {isa = PBXFileReference; lastKnownFileType = audio.mp3; path = "A#7.mp3"; sourceTree = "<group>"; };
		E8E309B428F9DEFD007FF597 /* F2.mp3 */ = {isa = PBXFileReference; lastKnownFileType = audio.mp3; path = F2.mp3; sourceTree = "<group>"; };
		E8E309B528F9DEFD007FF597 /* G#0.mp3 */ = {isa = PBXFileReference; lastKnownFileType = audio.mp3; path = "G#0.mp3"; sourceTree = "<group>"; };
		E8E309B628F9DEFD007FF597 /* G#4.mp3 */ = {isa = PBXFileReference; lastKnownFileType = audio.mp3; path = "G#4.mp3"; sourceTree = "<group>"; };
		E8E309B728F9DEFD007FF597 /* C#6.mp3 */ = {isa = PBXFileReference; lastKnownFileType = audio.mp3; path = "C#6.mp3"; sourceTree = "<group>"; };
		E8E309B828F9DEFD007FF597 /* C#4.mp3 */ = {isa = PBXFileReference; lastKnownFileType = audio.mp3; path = "C#4.mp3"; sourceTree = "<group>"; };
		E8E309B928F9DEFD007FF597 /* F#1.mp3 */ = {isa = PBXFileReference; lastKnownFileType = audio.mp3; path = "F#1.mp3"; sourceTree = "<group>"; };
		E8E309BA28F9DEFD007FF597 /* C#0.mp3 */ = {isa = PBXFileReference; lastKnownFileType = audio.mp3; path = "C#0.mp3"; sourceTree = "<group>"; };
		E8E309BB28F9DEFD007FF597 /* A#1.mp3 */ = {isa = PBXFileReference; lastKnownFileType = audio.mp3; path = "A#1.mp3"; sourceTree = "<group>"; };
		E8E309BC28F9DEFD007FF597 /* C0.mp3 */ = {isa = PBXFileReference; lastKnownFileType = audio.mp3; path = C0.mp3; sourceTree = "<group>"; };
		E8E309BD28F9DEFD007FF597 /* A2.mp3 */ = {isa = PBXFileReference; lastKnownFileType = audio.mp3; path = A2.mp3; sourceTree = "<group>"; };
		E8E309BE28F9DEFD007FF597 /* A3.mp3 */ = {isa = PBXFileReference; lastKnownFileType = audio.mp3; path = A3.mp3; sourceTree = "<group>"; };
		E8E309BF28F9DEFD007FF597 /* G3.mp3 */ = {isa = PBXFileReference; lastKnownFileType = audio.mp3; path = G3.mp3; sourceTree = "<group>"; };
		E8E309C028F9DEFD007FF597 /* E1.mp3 */ = {isa = PBXFileReference; lastKnownFileType = audio.mp3; path = E1.mp3; sourceTree = "<group>"; };
		E8E309C128F9DEFD007FF597 /* D0.mp3 */ = {isa = PBXFileReference; lastKnownFileType = audio.mp3; path = D0.mp3; sourceTree = "<group>"; };
		E8E309C228F9DEFD007FF597 /* D5.mp3 */ = {isa = PBXFileReference; lastKnownFileType = audio.mp3; path = D5.mp3; sourceTree = "<group>"; };
		E8E309C328F9DEFD007FF597 /* E6.mp3 */ = {isa = PBXFileReference; lastKnownFileType = audio.mp3; path = E6.mp3; sourceTree = "<group>"; };
		E8E309C428F9DEFD007FF597 /* A#3.mp3 */ = {isa = PBXFileReference; lastKnownFileType = audio.mp3; path = "A#3.mp3"; sourceTree = "<group>"; };
		E8E309C528F9DEFD007FF597 /* D3.mp3 */ = {isa = PBXFileReference; lastKnownFileType = audio.mp3; path = D3.mp3; sourceTree = "<group>"; };
		E8E309C628F9DEFD007FF597 /* C6.mp3 */ = {isa = PBXFileReference; lastKnownFileType = audio.mp3; path = C6.mp3; sourceTree = "<group>"; };
		E8E309C728F9DEFD007FF597 /* F#4.mp3 */ = {isa = PBXFileReference; lastKnownFileType = audio.mp3; path = "F#4.mp3"; sourceTree = "<group>"; };
		E8E309C828F9DEFD007FF597 /* B1.mp3 */ = {isa = PBXFileReference; lastKnownFileType = audio.mp3; path = B1.mp3; sourceTree = "<group>"; };
		E8E309C928F9DEFD007FF597 /* A#5.mp3 */ = {isa = PBXFileReference; lastKnownFileType = audio.mp3; path = "A#5.mp3"; sourceTree = "<group>"; };
		E8E309CA28F9DEFD007FF597 /* C7.mp3 */ = {isa = PBXFileReference; lastKnownFileType = audio.mp3; path = C7.mp3; sourceTree = "<group>"; };
		E8E309CB28F9DEFD007FF597 /* A#6.mp3 */ = {isa = PBXFileReference; lastKnownFileType = audio.mp3; path = "A#6.mp3"; sourceTree = "<group>"; };
		E8E309CC28F9DEFE007FF597 /* C2.mp3 */ = {isa = PBXFileReference; lastKnownFileType = audio.mp3; path = C2.mp3; sourceTree = "<group>"; };
		E8E309CD28F9DEFE007FF597 /* B3.mp3 */ = {isa = PBXFileReference; lastKnownFileType = audio.mp3; path = B3.mp3; sourceTree = "<group>"; };
		E8E309CE28F9DEFE007FF597 /* E3.mp3 */ = {isa = PBXFileReference; lastKnownFileType = audio.mp3; path = E3.mp3; sourceTree = "<group>"; };
		E8E309CF28F9DEFE007FF597 /* F6.mp3 */ = {isa = PBXFileReference; lastKnownFileType = audio.mp3; path = F6.mp3; sourceTree = "<group>"; };
		E8E309D028F9DEFE007FF597 /* F7.mp3 */ = {isa = PBXFileReference; lastKnownFileType = audio.mp3; path = F7.mp3; sourceTree = "<group>"; };
		E8E309D128F9DEFE007FF597 /* C#5.mp3 */ = {isa = PBXFileReference; lastKnownFileType = audio.mp3; path = "C#5.mp3"; sourceTree = "<group>"; };
		E8E309D228F9DEFE007FF597 /* D#1.mp3 */ = {isa = PBXFileReference; lastKnownFileType = audio.mp3; path = "D#1.mp3"; sourceTree = "<group>"; };
		E8E309D328F9DEFE007FF597 /* G0.mp3 */ = {isa = PBXFileReference; lastKnownFileType = audio.mp3; path = G0.mp3; sourceTree = "<group>"; };
		E8E309D428F9DEFE007FF597 /* G#5.mp3 */ = {isa = PBXFileReference; lastKnownFileType = audio.mp3; path = "G#5.mp3"; sourceTree = "<group>"; };
		E8E309D528F9DEFE007FF597 /* G#1.mp3 */ = {isa = PBXFileReference; lastKnownFileType = audio.mp3; path = "G#1.mp3"; sourceTree = "<group>"; };
		E8E309D628F9DEFE007FF597 /* A0.mp3 */ = {isa = PBXFileReference; lastKnownFileType = audio.mp3; path = A0.mp3; sourceTree = "<group>"; };
		E8E309D728F9DEFE007FF597 /* E2.mp3 */ = {isa = PBXFileReference; lastKnownFileType = audio.mp3; path = E2.mp3; sourceTree = "<group>"; };
		E8E309D828F9DEFE007FF597 /* D#3.mp3 */ = {isa = PBXFileReference; lastKnownFileType = audio.mp3; path = "D#3.mp3"; sourceTree = "<group>"; };
		E8E309D928F9DEFE007FF597 /* B5.mp3 */ = {isa = PBXFileReference; lastKnownFileType = audio.mp3; path = B5.mp3; sourceTree = "<group>"; };
		E8E309DA28F9DEFE007FF597 /* G#2.mp3 */ = {isa = PBXFileReference; lastKnownFileType = audio.mp3; path = "G#2.mp3"; sourceTree = "<group>"; };
		E8E309DB28F9DEFE007FF597 /* D#0.mp3 */ = {isa = PBXFileReference; lastKnownFileType = audio.mp3; path = "D#0.mp3"; sourceTree = "<group>"; };
		E8E309DC28F9DEFE007FF597 /* C5.mp3 */ = {isa = PBXFileReference; lastKnownFileType = audio.mp3; path = C5.mp3; sourceTree = "<group>"; };
		E8E309DD28F9DEFE007FF597 /* E5.mp3 */ = {isa = PBXFileReference; lastKnownFileType = audio.mp3; path = E5.mp3; sourceTree = "<group>"; };
		E8E309DE28F9DEFE007FF597 /* D#2.mp3 */ = {isa = PBXFileReference; lastKnownFileType = audio.mp3; path = "D#2.mp3"; sourceTree = "<group>"; };
		E8E309DF28F9DEFE007FF597 /* B0.mp3 */ = {isa = PBXFileReference; lastKnownFileType = audio.mp3; path = B0.mp3; sourceTree = "<group>"; };
		E8E309E028F9DEFE007FF597 /* B7.mp3 */ = {isa = PBXFileReference; lastKnownFileType = audio.mp3; path = B7.mp3; sourceTree = "<group>"; };
		E8E309E128F9DEFE007FF597 /* C3.mp3 */ = {isa = PBXFileReference; lastKnownFileType = audio.mp3; path = C3.mp3; sourceTree = "<group>"; };
		E8E309E228F9DEFE007FF597 /* F4.mp3 */ = {isa = PBXFileReference; lastKnownFileType = audio.mp3; path = F4.mp3; sourceTree = "<group>"; };
		E8E309E328F9DEFE007FF597 /* G4.mp3 */ = {isa = PBXFileReference; lastKnownFileType = audio.mp3; path = G4.mp3; sourceTree = "<group>"; };
		E8E309E428F9DEFE007FF597 /* D#6.mp3 */ = {isa = PBXFileReference; lastKnownFileType = audio.mp3; path = "D#6.mp3"; sourceTree = "<group>"; };
		E8E309E528F9DEFE007FF597 /* A5.mp3 */ = {isa = PBXFileReference; lastKnownFileType = audio.mp3; path = A5.mp3; sourceTree = "<group>"; };
		E8E309E628F9DEFE007FF597 /* D#5.mp3 */ = {isa = PBXFileReference; lastKnownFileType = audio.mp3; path = "D#5.mp3"; sourceTree = "<group>"; };
		E8E309E728F9DEFE007FF597 /* G2.mp3 */ = {isa = PBXFileReference; lastKnownFileType = audio.mp3; path = G2.mp3; sourceTree = "<group>"; };
		E8E309E828F9DEFE007FF597 /* F3.mp3 */ = {isa = PBXFileReference; lastKnownFileType = audio.mp3; path = F3.mp3; sourceTree = "<group>"; };
		E8E309E928F9DEFE007FF597 /* A#2.mp3 */ = {isa = PBXFileReference; lastKnownFileType = audio.mp3; path = "A#2.mp3"; sourceTree = "<group>"; };
		E8E309EA28F9DEFE007FF597 /* B2.mp3 */ = {isa = PBXFileReference; lastKnownFileType = audio.mp3; path = B2.mp3; sourceTree = "<group>"; };
		E8E309EB28F9DEFE007FF597 /* C#3.mp3 */ = {isa = PBXFileReference; lastKnownFileType = audio.mp3; path = "C#3.mp3"; sourceTree = "<group>"; };
		E8E309EC28F9DEFE007FF597 /* D1.mp3 */ = {isa = PBXFileReference; lastKnownFileType = audio.mp3; path = D1.mp3; sourceTree = "<group>"; };
		E8E309ED28F9DEFE007FF597 /* D#4.mp3 */ = {isa = PBXFileReference; lastKnownFileType = audio.mp3; path = "D#4.mp3"; sourceTree = "<group>"; };
		E8E309EE28F9DEFE007FF597 /* D6.mp3 */ = {isa = PBXFileReference; lastKnownFileType = audio.mp3; path = D6.mp3; sourceTree = "<group>"; };
		E8E309EF28F9DEFE007FF597 /* A#0.mp3 */ = {isa = PBXFileReference; lastKnownFileType = audio.mp3; path = "A#0.mp3"; sourceTree = "<group>"; };
		E8E309F028F9DEFE007FF597 /* F#6.mp3 */ = {isa = PBXFileReference; lastKnownFileType = audio.mp3; path = "F#6.mp3"; sourceTree = "<group>"; };
		E8E309F128F9DEFE007FF597 /* F0.mp3 */ = {isa = PBXFileReference; lastKnownFileType = audio.mp3; path = F0.mp3; sourceTree = "<group>"; };
		E8E309F228F9DEFE007FF597 /* G#3.mp3 */ = {isa = PBXFileReference; lastKnownFileType = audio.mp3; path = "G#3.mp3"; sourceTree = "<group>"; };
		E8E309F328F9DEFF007FF597 /* G#7.mp3 */ = {isa = PBXFileReference; lastKnownFileType = audio.mp3; path = "G#7.mp3"; sourceTree = "<group>"; };
		E8E309F428F9DEFF007FF597 /* B4.mp3 */ = {isa = PBXFileReference; lastKnownFileType = audio.mp3; path = B4.mp3; sourceTree = "<group>"; };
		E8E309F528F9DEFF007FF597 /* B6.mp3 */ = {isa = PBXFileReference; lastKnownFileType = audio.mp3; path = B6.mp3; sourceTree = "<group>"; };
		E8E309F628F9DEFF007FF597 /* D#7.mp3 */ = {isa = PBXFileReference; lastKnownFileType = audio.mp3; path = "D#7.mp3"; sourceTree = "<group>"; };
		E8E309F728F9DEFF007FF597 /* C#1.mp3 */ = {isa = PBXFileReference; lastKnownFileType = audio.mp3; path = "C#1.mp3"; sourceTree = "<group>"; };
		E8E309F828F9DEFF007FF597 /* A1.mp3 */ = {isa = PBXFileReference; lastKnownFileType = audio.mp3; path = A1.mp3; sourceTree = "<group>"; };
		E8E309F928F9DEFF007FF597 /* A7.mp3 */ = {isa = PBXFileReference; lastKnownFileType = audio.mp3; path = A7.mp3; sourceTree = "<group>"; };
		E8E309FA28F9DEFF007FF597 /* D4.mp3 */ = {isa = PBXFileReference; lastKnownFileType = audio.mp3; path = D4.mp3; sourceTree = "<group>"; };
		E8E309FB28F9DEFF007FF597 /* E0.mp3 */ = {isa = PBXFileReference; lastKnownFileType = audio.mp3; path = E0.mp3; sourceTree = "<group>"; };
		E8E309FC28F9DEFF007FF597 /* A#4.mp3 */ = {isa = PBXFileReference; lastKnownFileType = audio.mp3; path = "A#4.mp3"; sourceTree = "<group>"; };
		E8E309FD28F9DEFF007FF597 /* E7.mp3 */ = {isa = PBXFileReference; lastKnownFileType = audio.mp3; path = E7.mp3; sourceTree = "<group>"; };
		E8E309FE28F9DEFF007FF597 /* D2.mp3 */ = {isa = PBXFileReference; lastKnownFileType = audio.mp3; path = D2.mp3; sourceTree = "<group>"; };
		E8E309FF28F9DEFF007FF597 /* D7.mp3 */ = {isa = PBXFileReference; lastKnownFileType = audio.mp3; path = D7.mp3; sourceTree = "<group>"; };
		E8E30A0028F9DEFF007FF597 /* C4.mp3 */ = {isa = PBXFileReference; lastKnownFileType = audio.mp3; path = C4.mp3; sourceTree = "<group>"; };
		E8E30A0128F9DEFF007FF597 /* F#2.mp3 */ = {isa = PBXFileReference; lastKnownFileType = audio.mp3; path = "F#2.mp3"; sourceTree = "<group>"; };
		E8E30A0228F9DEFF007FF597 /* F#3.mp3 */ = {isa = PBXFileReference; lastKnownFileType = audio.mp3; path = "F#3.mp3"; sourceTree = "<group>"; };
		E8E30A0328F9DEFF007FF597 /* F1.mp3 */ = {isa = PBXFileReference; lastKnownFileType = audio.mp3; path = F1.mp3; sourceTree = "<group>"; };
		E8E30A0428F9DEFF007FF597 /* F5.mp3 */ = {isa = PBXFileReference; lastKnownFileType = audio.mp3; path = F5.mp3; sourceTree = "<group>"; };
		FF0E0E7790C9AEFC1854BC53 /* Pods-M.U.S.E..release.xcconfig */ = {isa = PBXFileReference; includeInIndex = 1; lastKnownFileType = text.xcconfig; name = "Pods-M.U.S.E..release.xcconfig"; path = "Target Support Files/Pods-M.U.S.E./Pods-M.U.S.E..release.xcconfig"; sourceTree = "<group>"; };
/* End PBXFileReference section */

/* Begin PBXFrameworksBuildPhase section */
		027102AB2814743000694F3E /* Frameworks */ = {
			isa = PBXFrameworksBuildPhase;
			buildActionMask = 2147483647;
			files = (
				C27B571D9C4046C7F7A386F7 /* libPods-M.U.S.E..a in Frameworks */,
			);
			runOnlyForDeploymentPostprocessing = 0;
		};
/* End PBXFrameworksBuildPhase section */

/* Begin PBXGroup section */
		020F8E8629D34B71006B4E7A /* StructurePartTableViewCell */ = {
			isa = PBXGroup;
			children = (
				0251473629CC93BA002EAA90 /* StructurePartTableViewCell.swift */,
				0251473729CC93BA002EAA90 /* StructurePartTableViewCell.xib */,
			);
			path = StructurePartTableViewCell;
			sourceTree = "<group>";
		};
		020F8E8729D34C24006B4E7A /* Main */ = {
			isa = PBXGroup;
			children = (
				020F8E9229D3515D006B4E7A /* Cells */,
				020F8E8929D34C5B006B4E7A /* SongsViewController.swift */,
				020F8E8A29D34C5B006B4E7A /* SongsViewController.xib */,
			);
			path = Main;
			sourceTree = "<group>";
		};
		020F8E8829D34C2C006B4E7A /* Structure */ = {
			isa = PBXGroup;
			children = (
				025B326829E549D50001A948 /* Main */,
				025B326929E549D80001A948 /* Detail */,
			);
			path = Structure;
			sourceTree = "<group>";
		};
		020F8E8D29D34E0A006B4E7A /* SongTableViewCell */ = {
			isa = PBXGroup;
			children = (
				020F8E8E29D34E20006B4E7A /* SongTableViewCell.swift */,
				020F8E8F29D34E20006B4E7A /* SongTableViewCell.xib */,
			);
			path = SongTableViewCell;
			sourceTree = "<group>";
		};
		020F8E9229D3515D006B4E7A /* Cells */ = {
			isa = PBXGroup;
			children = (
				020F8E8D29D34E0A006B4E7A /* SongTableViewCell */,
			);
			path = Cells;
			sourceTree = "<group>";
		};
		022041C729C23DDC0038121C /* Flows */ = {
			isa = PBXGroup;
			children = (
				022041C829C23F4C0038121C /* MainTabBar */,
				022041C929C23F710038121C /* SongBuilderTab */,
				022041CA29C23F990038121C /* ProgressionTab */,
				022041CB29C23F9E0038121C /* ChordTab */,
			);
			path = Flows;
			sourceTree = "<group>";
		};
		022041C829C23F4C0038121C /* MainTabBar */ = {
			isa = PBXGroup;
			children = (
				02218D5D28368884004C30B2 /* MainTabBarController.swift */,
			);
			path = MainTabBar;
			sourceTree = "<group>";
		};
		022041C929C23F710038121C /* SongBuilderTab */ = {
			isa = PBXGroup;
			children = (
				020F8E8729D34C24006B4E7A /* Main */,
				02E1839D29D4485900F968F1 /* Detail */,
			);
			path = SongBuilderTab;
			sourceTree = "<group>";
		};
		022041CA29C23F990038121C /* ProgressionTab */ = {
			isa = PBXGroup;
			children = (
				02FAA7022836A2E100E63622 /* ProgressionViewController.swift */,
				02FAA7042836A36000E63622 /* ProgressionViewController.xib */,
			);
			path = ProgressionTab;
			sourceTree = "<group>";
		};
		022041CB29C23F9E0038121C /* ChordTab */ = {
			isa = PBXGroup;
			children = (
				027102B52814743000694F3E /* ChordViewController.swift */,
				02218D6128369145004C30B2 /* ChordViewController.xib */,
			);
			path = ChordTab;
			sourceTree = "<group>";
		};
		0251473529CC9398002EAA90 /* Cells */ = {
			isa = PBXGroup;
			children = (
				020F8E8629D34B71006B4E7A /* StructurePartTableViewCell */,
			);
			path = Cells;
			sourceTree = "<group>";
		};
		025B326829E549D50001A948 /* Main */ = {
			isa = PBXGroup;
			children = (
				0251473529CC9398002EAA90 /* Cells */,
				022FF1CC29C23A5900CEDD5E /* StructureTableViewCell.swift */,
				022041C129C23A750038121C /* StructureTableViewCell.xib */,
			);
			path = Main;
			sourceTree = "<group>";
		};
		025B326929E549D80001A948 /* Detail */ = {
			isa = PBXGroup;
			children = (
				025B326A29E549E40001A948 /* Cells */,
				025B326B29E549F50001A948 /* SongPartDetailsViewController.swift */,
				025B326C29E549F50001A948 /* SongPartDetailsViewController.xib */,
			);
			path = Detail;
			sourceTree = "<group>";
		};
		025B326A29E549E40001A948 /* Cells */ = {
			isa = PBXGroup;
			children = (
				025B327329E55A570001A948 /* AssignedInstrumentsTableViewCell */,
				025B327829E55A9A0001A948 /* StructurePartProgressionTableViewCell */,
			);
			path = Cells;
			sourceTree = "<group>";
		};
		025B327329E55A570001A948 /* AssignedInstrumentsTableViewCell */ = {
			isa = PBXGroup;
			children = (
				0271B40C29F1C66700A27C92 /* InstrumentPartViewController */,
				025B326F29E54D590001A948 /* AssignedInstrumentsTableViewCell.swift */,
				025B327029E54D590001A948 /* AssignedInstrumentsTableViewCell.xib */,
			);
			path = AssignedInstrumentsTableViewCell;
			sourceTree = "<group>";
		};
		025B327829E55A9A0001A948 /* StructurePartProgressionTableViewCell */ = {
			isa = PBXGroup;
			children = (
				025B327429E55A960001A948 /* StructurePartProgressionTableViewCell.swift */,
				025B327529E55A970001A948 /* StructurePartProgressionTableViewCell.xib */,
			);
			path = StructurePartProgressionTableViewCell;
			sourceTree = "<group>";
		};
		025B327A29E560270001A948 /* Cells */ = {
			isa = PBXGroup;
			children = (
				025B327B29E5603B0001A948 /* TitleTableViewCell.swift */,
				025B327C29E5603B0001A948 /* TitleTableViewCell.xib */,
			);
			path = Cells;
			sourceTree = "<group>";
		};
		027102A52814743000694F3E = {
			isa = PBXGroup;
			children = (
				027102B02814743000694F3E /* M.U.S.E. */,
				027102AF2814743000694F3E /* Products */,
				BBA38B51B06820AF0A790353 /* Pods */,
				1F6732A08F8363B4165D9498 /* Frameworks */,
			);
			sourceTree = "<group>";
		};
		027102AF2814743000694F3E /* Products */ = {
			isa = PBXGroup;
			children = (
				027102AE2814743000694F3E /* M.U.S.E..app */,
			);
			name = Products;
			sourceTree = "<group>";
		};
		027102B02814743000694F3E /* M.U.S.E. */ = {
			isa = PBXGroup;
			children = (
				0272961F29DC30FC0089D6F6 /* Library */,
				027102C82814748D00694F3E /* Application */,
				022041C729C23DDC0038121C /* Flows */,
				027102C72814748000694F3E /* Domain */,
				02F2D93B28312C3C0084F8A1 /* Resources */,
			);
			path = M.U.S.E.;
			sourceTree = "<group>";
		};
		027102C52814745E00694F3E /* Reusable Components */ = {
			isa = PBXGroup;
			children = (
				025B327A29E560270001A948 /* Cells */,
				02572C11298BC44D003B5070 /* NotePickerView.swift */,
				02FD3018298BC2FD007CDCB8 /* NotePickerView.xib */,
				02DDDDC4299F616400D207B8 /* ProgressionConfigurationView.swift */,
				02DDDDC6299F617800D207B8 /* ProgressionConfigurationView.xib */,
			);
			path = "Reusable Components";
			sourceTree = "<group>";
		};
		027102C72814748000694F3E /* Domain */ = {
			isa = PBXGroup;
			children = (
				027D6BA22939F87F00A7E99B /* ProgressionPlayer.swift */,
				027102CF281479D600694F3E /* Note.swift */,
				02F4DE5A2823034D0002B9DC /* NoteValue.swift */,
				022B901528187BD7009ED3F7 /* Octave.swift */,
				0217354F29227E21006A67B5 /* Scale.swift */,
				0217355329227F32006A67B5 /* ScaleStep.swift */,
				0217355129227E63006A67B5 /* ScaleType.swift */,
				02173549292275FB006A67B5 /* Progression.swift */,
				0217354D29227752006A67B5 /* ProgressionVersion.swift */,
				028DE87F29C470C9003671D0 /* Instrument.swift */,
				022B901728187C07009ED3F7 /* Interval.swift */,
				022B90192818839F009ED3F7 /* Chord.swift */,
				021C9C2D281DB18B00BDB0A6 /* ChordType.swift */,
				02B5EBB928EAF21400D6AF94 /* ChordPlayer.swift */,
				028DE86E29C46B18003671D0 /* Song.swift */,
				028DE88529C473C0003671D0 /* Time.swift */,
				028DE87A29C4704C003671D0 /* StructurePart.swift */,
				028DE87829C47023003671D0 /* SongPart.swift */,
				028DE88129C471F1003671D0 /* Bar.swift */,
				028DE88329C47280003671D0 /* Beat.swift */,
				028DE87029C46D3E003671D0 /* Setup.swift */,
				028DE87629C46F87003671D0 /* Key.swift */,
				028DE87429C46E42003671D0 /* BeatLength.swift */,
				028DE87229C46E1E003671D0 /* Genre.swift */,
				0271B40A29F16B8500A27C92 /* InstrumentPart.swift */,
			);
			path = Domain;
			sourceTree = "<group>";
		};
		027102C82814748D00694F3E /* Application */ = {
			isa = PBXGroup;
			children = (
				027102BF2814743200694F3E /* Info.plist */,
				027102B12814743000694F3E /* AppDelegate.swift */,
				022041CD29C23FD90038121C /* SceneDelegate.swift */,
				027102BC2814743200694F3E /* LaunchScreen.storyboard */,
			);
			path = Application;
			sourceTree = "<group>";
		};
		0271B40C29F1C66700A27C92 /* InstrumentPartViewController */ = {
			isa = PBXGroup;
			children = (
				0271B40F29F1C68D00A27C92 /* InstrumentPartViewController.swift */,
				0271B41029F1C68D00A27C92 /* InstrumentPartViewController.xib */,
			);
			path = InstrumentPartViewController;
			sourceTree = "<group>";
		};
		0272961F29DC30FC0089D6F6 /* Library */ = {
			isa = PBXGroup;
			children = (
				0272962129DC31330089D6F6 /* Extensions */,
				0272962029DC311C0089D6F6 /* Utilities */,
				027102C52814745E00694F3E /* Reusable Components */,
			);
			path = Library;
			sourceTree = "<group>";
		};
		0272962029DC311C0089D6F6 /* Utilities */ = {
			isa = PBXGroup;
			children = (
				02D786C429EAD16E001423C2 /* ScaleStepsBlacklist.swift */,
			);
			path = Utilities;
			sourceTree = "<group>";
		};
		0272962129DC31330089D6F6 /* Extensions */ = {
			isa = PBXGroup;
			children = (
			);
			path = Extensions;
			sourceTree = "<group>";
		};
		02B5EB4028EAF17E00D6AF94 /* Samples */ = {
			isa = PBXGroup;
			children = (
				E8E309EF28F9DEFE007FF597 /* A#0.mp3 */,
				E8E309BB28F9DEFD007FF597 /* A#1.mp3 */,
				E8E309E928F9DEFE007FF597 /* A#2.mp3 */,
				E8E309C428F9DEFD007FF597 /* A#3.mp3 */,
				E8E309FC28F9DEFF007FF597 /* A#4.mp3 */,
				E8E309C928F9DEFD007FF597 /* A#5.mp3 */,
				E8E309CB28F9DEFD007FF597 /* A#6.mp3 */,
				E8E309B328F9DEFD007FF597 /* A#7.mp3 */,
				E8E309D628F9DEFE007FF597 /* A0.mp3 */,
				E8E309F828F9DEFF007FF597 /* A1.mp3 */,
				E8E309BD28F9DEFD007FF597 /* A2.mp3 */,
				E8E309BE28F9DEFD007FF597 /* A3.mp3 */,
				E8E309AC28F9DEFC007FF597 /* A4.mp3 */,
				E8E309E528F9DEFE007FF597 /* A5.mp3 */,
				E8E309B028F9DEFD007FF597 /* A6.mp3 */,
				E8E309F928F9DEFF007FF597 /* A7.mp3 */,
				E8E309DF28F9DEFE007FF597 /* B0.mp3 */,
				E8E309C828F9DEFD007FF597 /* B1.mp3 */,
				E8E309EA28F9DEFE007FF597 /* B2.mp3 */,
				E8E309CD28F9DEFE007FF597 /* B3.mp3 */,
				E8E309F428F9DEFF007FF597 /* B4.mp3 */,
				E8E309D928F9DEFE007FF597 /* B5.mp3 */,
				E8E309F528F9DEFF007FF597 /* B6.mp3 */,
				E8E309E028F9DEFE007FF597 /* B7.mp3 */,
				E8E309BA28F9DEFD007FF597 /* C#0.mp3 */,
				E8E309F728F9DEFF007FF597 /* C#1.mp3 */,
				E8E309B228F9DEFD007FF597 /* C#2.mp3 */,
				E8E309EB28F9DEFE007FF597 /* C#3.mp3 */,
				E8E309B828F9DEFD007FF597 /* C#4.mp3 */,
				E8E309D128F9DEFE007FF597 /* C#5.mp3 */,
				E8E309B728F9DEFD007FF597 /* C#6.mp3 */,
				E8E309AA28F9DEFC007FF597 /* C#7.mp3 */,
				E8E309BC28F9DEFD007FF597 /* C0.mp3 */,
				E8E309A828F9DEFC007FF597 /* C1.mp3 */,
				E8E309CC28F9DEFE007FF597 /* C2.mp3 */,
				E8E309E128F9DEFE007FF597 /* C3.mp3 */,
				E8E30A0028F9DEFF007FF597 /* C4.mp3 */,
				E8E309DC28F9DEFE007FF597 /* C5.mp3 */,
				E8E309C628F9DEFD007FF597 /* C6.mp3 */,
				E8E309CA28F9DEFD007FF597 /* C7.mp3 */,
				E8E309DB28F9DEFE007FF597 /* D#0.mp3 */,
				E8E309D228F9DEFE007FF597 /* D#1.mp3 */,
				E8E309DE28F9DEFE007FF597 /* D#2.mp3 */,
				E8E309D828F9DEFE007FF597 /* D#3.mp3 */,
				E8E309ED28F9DEFE007FF597 /* D#4.mp3 */,
				E8E309E628F9DEFE007FF597 /* D#5.mp3 */,
				E8E309E428F9DEFE007FF597 /* D#6.mp3 */,
				E8E309F628F9DEFF007FF597 /* D#7.mp3 */,
				E8E309C128F9DEFD007FF597 /* D0.mp3 */,
				E8E309EC28F9DEFE007FF597 /* D1.mp3 */,
				E8E309FE28F9DEFF007FF597 /* D2.mp3 */,
				E8E309C528F9DEFD007FF597 /* D3.mp3 */,
				E8E309FA28F9DEFF007FF597 /* D4.mp3 */,
				E8E309C228F9DEFD007FF597 /* D5.mp3 */,
				E8E309EE28F9DEFE007FF597 /* D6.mp3 */,
				E8E309FF28F9DEFF007FF597 /* D7.mp3 */,
				E8E309FB28F9DEFF007FF597 /* E0.mp3 */,
				E8E309C028F9DEFD007FF597 /* E1.mp3 */,
				E8E309D728F9DEFE007FF597 /* E2.mp3 */,
				E8E309CE28F9DEFE007FF597 /* E3.mp3 */,
				E8E309A928F9DEFC007FF597 /* E4.mp3 */,
				E8E309DD28F9DEFE007FF597 /* E5.mp3 */,
				E8E309C328F9DEFD007FF597 /* E6.mp3 */,
				E8E309FD28F9DEFF007FF597 /* E7.mp3 */,
				E8E309AB28F9DEFC007FF597 /* F#0.mp3 */,
				E8E309B928F9DEFD007FF597 /* F#1.mp3 */,
				E8E30A0128F9DEFF007FF597 /* F#2.mp3 */,
				E8E30A0228F9DEFF007FF597 /* F#3.mp3 */,
				E8E309C728F9DEFD007FF597 /* F#4.mp3 */,
				E8E309A728F9DEFC007FF597 /* F#5.mp3 */,
				E8E309F028F9DEFE007FF597 /* F#6.mp3 */,
				E8E309B128F9DEFD007FF597 /* F#7.mp3 */,
				E8E309F128F9DEFE007FF597 /* F0.mp3 */,
				E8E30A0328F9DEFF007FF597 /* F1.mp3 */,
				E8E309B428F9DEFD007FF597 /* F2.mp3 */,
				E8E309E828F9DEFE007FF597 /* F3.mp3 */,
				E8E309E228F9DEFE007FF597 /* F4.mp3 */,
				E8E30A0428F9DEFF007FF597 /* F5.mp3 */,
				E8E309CF28F9DEFE007FF597 /* F6.mp3 */,
				E8E309D028F9DEFE007FF597 /* F7.mp3 */,
				E8E309B528F9DEFD007FF597 /* G#0.mp3 */,
				E8E309D528F9DEFE007FF597 /* G#1.mp3 */,
				E8E309DA28F9DEFE007FF597 /* G#2.mp3 */,
				E8E309F228F9DEFE007FF597 /* G#3.mp3 */,
				E8E309B628F9DEFD007FF597 /* G#4.mp3 */,
				E8E309D428F9DEFE007FF597 /* G#5.mp3 */,
				E8E309AF28F9DEFD007FF597 /* G#6.mp3 */,
				E8E309F328F9DEFF007FF597 /* G#7.mp3 */,
				E8E309D328F9DEFE007FF597 /* G0.mp3 */,
				E8E309A528F9DEFC007FF597 /* G1.mp3 */,
				E8E309E728F9DEFE007FF597 /* G2.mp3 */,
				E8E309BF28F9DEFD007FF597 /* G3.mp3 */,
				E8E309E328F9DEFE007FF597 /* G4.mp3 */,
				E8E309A628F9DEFC007FF597 /* G5.mp3 */,
				E8E309AD28F9DEFC007FF597 /* G6.mp3 */,
				E8E309AE28F9DEFD007FF597 /* G7.mp3 */,
			);
			path = Samples;
			sourceTree = "<group>";
		};
		02DA832229E40D210052C59A /* Colors */ = {
			isa = PBXGroup;
			children = (
				02DA832329E40D2A0052C59A /* Colors.xcassets */,
			);
			path = Colors;
			sourceTree = "<group>";
		};
		02E1839D29D4485900F968F1 /* Detail */ = {
			isa = PBXGroup;
			children = (
				02A9F15B29DEF50B00B6D46B /* SongBuilderViewController.swift */,
				02A9F15C29DEF50B00B6D46B /* SongBuilderViewController.xib */,
				02E183A029D44C2900F968F1 /* Setup */,
				020F8E8829D34C2C006B4E7A /* Structure */,
				02F2051C29DF0469005ECC1E /* Result */,
			);
			path = Detail;
			sourceTree = "<group>";
		};
		02E183A029D44C2900F968F1 /* Setup */ = {
			isa = PBXGroup;
			children = (
				02E183A129D44C3900F968F1 /* SetupTableViewCell.swift */,
				02E183A229D44C3900F968F1 /* SetupTableViewCell.xib */,
			);
			path = Setup;
			sourceTree = "<group>";
		};
		02F2051C29DF0469005ECC1E /* Result */ = {
			isa = PBXGroup;
			children = (
				02F48AD129DF0A6E006D4C5C /* ResultTableViewCell.swift */,
				02F48AD229DF0A6E006D4C5C /* ResultTableViewCell.xib */,
			);
			path = Result;
			sourceTree = "<group>";
		};
		02F2D93B28312C3C0084F8A1 /* Resources */ = {
			isa = PBXGroup;
			children = (
				02DA832229E40D210052C59A /* Colors */,
				02B5EB4028EAF17E00D6AF94 /* Samples */,
				02F2D93F28312CB70084F8A1 /* Localizable */,
			);
			path = Resources;
			sourceTree = "<group>";
		};
		02F2D93F28312CB70084F8A1 /* Localizable */ = {
			isa = PBXGroup;
			children = (
				02F2D94C283130580084F8A1 /* Localizable.swift */,
				02F2D94628312D6E0084F8A1 /* Localizable.strings */,
			);
			path = Localizable;
			sourceTree = "<group>";
		};
		1F6732A08F8363B4165D9498 /* Frameworks */ = {
			isa = PBXGroup;
			children = (
				0DDEA0D2491F6128454F4A13 /* libPods-M.U.S.E..a */,
			);
			name = Frameworks;
			sourceTree = "<group>";
		};
		BBA38B51B06820AF0A790353 /* Pods */ = {
			isa = PBXGroup;
			children = (
				85B676175952A809D80D314F /* Pods-M.U.S.E..debug.xcconfig */,
				FF0E0E7790C9AEFC1854BC53 /* Pods-M.U.S.E..release.xcconfig */,
			);
			path = Pods;
			sourceTree = "<group>";
		};
/* End PBXGroup section */

/* Begin PBXNativeTarget section */
		027102AD2814743000694F3E /* M.U.S.E. */ = {
			isa = PBXNativeTarget;
			buildConfigurationList = 027102C22814743200694F3E /* Build configuration list for PBXNativeTarget "M.U.S.E." */;
			buildPhases = (
				1556D21710C8BA0465C070A6 /* [CP] Check Pods Manifest.lock */,
				02F2D939283125710084F8A1 /* Run SwiftLint */,
				02F2D93A2831257A0084F8A1 /* Run SwiftGen */,
				027102AA2814743000694F3E /* Sources */,
				027102AB2814743000694F3E /* Frameworks */,
				027102AC2814743000694F3E /* Resources */,
			);
			buildRules = (
			);
			dependencies = (
			);
			name = M.U.S.E.;
			productName = M.U.S.E.;
			productReference = 027102AE2814743000694F3E /* M.U.S.E..app */;
			productType = "com.apple.product-type.application";
		};
/* End PBXNativeTarget section */

/* Begin PBXProject section */
		027102A62814743000694F3E /* Project object */ = {
			isa = PBXProject;
			attributes = {
				BuildIndependentTargetsInParallel = 1;
				LastSwiftUpdateCheck = 1330;
				LastUpgradeCheck = 1330;
				TargetAttributes = {
					027102AD2814743000694F3E = {
						CreatedOnToolsVersion = 13.3.1;
					};
				};
			};
			buildConfigurationList = 027102A92814743000694F3E /* Build configuration list for PBXProject "M.U.S.E." */;
			compatibilityVersion = "Xcode 13.0";
			developmentRegion = en;
			hasScannedForEncodings = 0;
			knownRegions = (
				en,
				Base,
				ru,
			);
			mainGroup = 027102A52814743000694F3E;
			productRefGroup = 027102AF2814743000694F3E /* Products */;
			projectDirPath = "";
			projectRoot = "";
			targets = (
				027102AD2814743000694F3E /* M.U.S.E. */,
			);
		};
/* End PBXProject section */

/* Begin PBXResourcesBuildPhase section */
		027102AC2814743000694F3E /* Resources */ = {
			isa = PBXResourcesBuildPhase;
			buildActionMask = 2147483647;
			files = (
				E8E30A4E28F9DEFF007FF597 /* D6.mp3 in Resources */,
				E8E30A4128F9DEFF007FF597 /* C3.mp3 in Resources */,
				020F8E9129D34E20006B4E7A /* SongTableViewCell.xib in Resources */,
				E8E30A3C28F9DEFF007FF597 /* C5.mp3 in Resources */,
				E8E30A2B28F9DEFF007FF597 /* A#6.mp3 in Resources */,
				E8E30A3028F9DEFF007FF597 /* F7.mp3 in Resources */,
				E8E30A1E28F9DEFF007FF597 /* A3.mp3 in Resources */,
				E8E30A4828F9DEFF007FF597 /* F3.mp3 in Resources */,
				E8E30A3B28F9DEFF007FF597 /* D#0.mp3 in Resources */,
				E8E30A1428F9DEFF007FF597 /* F2.mp3 in Resources */,
				E8E30A3428F9DEFF007FF597 /* G#5.mp3 in Resources */,
				E8E30A0D28F9DEFF007FF597 /* G6.mp3 in Resources */,
				E8E30A0928F9DEFF007FF597 /* E4.mp3 in Resources */,
				E8E30A2C28F9DEFF007FF597 /* C2.mp3 in Resources */,
				E8E30A5B28F9DEFF007FF597 /* E0.mp3 in Resources */,
				E8E30A4628F9DEFF007FF597 /* D#5.mp3 in Resources */,
				E8E30A5F28F9DEFF007FF597 /* D7.mp3 in Resources */,
				E8E30A6328F9DEFF007FF597 /* F1.mp3 in Resources */,
				E8E30A1F28F9DEFF007FF597 /* G3.mp3 in Resources */,
				E8E30A5528F9DEFF007FF597 /* B6.mp3 in Resources */,
				E8E30A0828F9DEFF007FF597 /* C1.mp3 in Resources */,
				E8E30A5928F9DEFF007FF597 /* A7.mp3 in Resources */,
				E8E30A0F28F9DEFF007FF597 /* G#6.mp3 in Resources */,
				E8E30A2228F9DEFF007FF597 /* D5.mp3 in Resources */,
				E8E30A5428F9DEFF007FF597 /* B4.mp3 in Resources */,
				E8E30A4F28F9DEFF007FF597 /* A#0.mp3 in Resources */,
				E8E30A0528F9DEFF007FF597 /* G1.mp3 in Resources */,
				E8E30A0E28F9DEFF007FF597 /* G7.mp3 in Resources */,
				E8E30A4928F9DEFF007FF597 /* A#2.mp3 in Resources */,
				E8E30A5E28F9DEFF007FF597 /* D2.mp3 in Resources */,
				E8E30A1928F9DEFF007FF597 /* F#1.mp3 in Resources */,
				E8E30A3628F9DEFF007FF597 /* A0.mp3 in Resources */,
				02FAA7052836A36000E63622 /* ProgressionViewController.xib in Resources */,
				02FD3019298BC2FD007CDCB8 /* NotePickerView.xib in Resources */,
				E8E30A3228F9DEFF007FF597 /* D#1.mp3 in Resources */,
				022041C229C23A750038121C /* StructureTableViewCell.xib in Resources */,
				E8E30A1B28F9DEFF007FF597 /* A#1.mp3 in Resources */,
				E8E30A1D28F9DEFF007FF597 /* A2.mp3 in Resources */,
				E8E30A0B28F9DEFF007FF597 /* F#0.mp3 in Resources */,
				E8E30A4B28F9DEFF007FF597 /* C#3.mp3 in Resources */,
				E8E30A2828F9DEFF007FF597 /* B1.mp3 in Resources */,
				E8E30A6128F9DEFF007FF597 /* F#2.mp3 in Resources */,
				E8E30A1328F9DEFF007FF597 /* A#7.mp3 in Resources */,
				E8E30A3928F9DEFF007FF597 /* B5.mp3 in Resources */,
				E8E30A0C28F9DEFF007FF597 /* A4.mp3 in Resources */,
				E8E30A1628F9DEFF007FF597 /* G#4.mp3 in Resources */,
				E8E30A3728F9DEFF007FF597 /* E2.mp3 in Resources */,
				E8E30A1228F9DEFF007FF597 /* C#2.mp3 in Resources */,
				E8E30A5C28F9DEFF007FF597 /* A#4.mp3 in Resources */,
				E8E30A2628F9DEFF007FF597 /* C6.mp3 in Resources */,
				E8E30A3A28F9DEFF007FF597 /* G#2.mp3 in Resources */,
				E8E30A6228F9DEFF007FF597 /* F#3.mp3 in Resources */,
				025B327729E55A970001A948 /* StructurePartProgressionTableViewCell.xib in Resources */,
				E8E30A4328F9DEFF007FF597 /* G4.mp3 in Resources */,
				E8E30A1C28F9DEFF007FF597 /* C0.mp3 in Resources */,
				E8E30A5628F9DEFF007FF597 /* D#7.mp3 in Resources */,
				E8E30A2A28F9DEFF007FF597 /* C7.mp3 in Resources */,
				E8E30A3328F9DEFF007FF597 /* G0.mp3 in Resources */,
				E8E30A2D28F9DEFF007FF597 /* B3.mp3 in Resources */,
				E8E30A6428F9DEFF007FF597 /* F5.mp3 in Resources */,
				0251473929CC93BA002EAA90 /* StructurePartTableViewCell.xib in Resources */,
				E8E30A2728F9DEFF007FF597 /* F#4.mp3 in Resources */,
				E8E30A4A28F9DEFF007FF597 /* B2.mp3 in Resources */,
				E8E30A5A28F9DEFF007FF597 /* D4.mp3 in Resources */,
				E8E30A3F28F9DEFF007FF597 /* B0.mp3 in Resources */,
				027102BE2814743200694F3E /* LaunchScreen.storyboard in Resources */,
				E8E30A4228F9DEFF007FF597 /* F4.mp3 in Resources */,
				E8E30A4D28F9DEFF007FF597 /* D#4.mp3 in Resources */,
				E8E30A3128F9DEFF007FF597 /* C#5.mp3 in Resources */,
				E8E30A5828F9DEFF007FF597 /* A1.mp3 in Resources */,
				E8E30A4528F9DEFF007FF597 /* A5.mp3 in Resources */,
				E8E30A5028F9DEFF007FF597 /* F#6.mp3 in Resources */,
				E8E30A5328F9DEFF007FF597 /* G#7.mp3 in Resources */,
				02A9F15E29DEF50B00B6D46B /* SongBuilderViewController.xib in Resources */,
				02F48AD429DF0A6E006D4C5C /* ResultTableViewCell.xib in Resources */,
				E8E30A5128F9DEFF007FF597 /* F0.mp3 in Resources */,
				E8E30A5D28F9DEFF007FF597 /* E7.mp3 in Resources */,
				E8E30A1128F9DEFF007FF597 /* F#7.mp3 in Resources */,
				E8E30A2F28F9DEFF007FF597 /* F6.mp3 in Resources */,
				0271B41229F1C68D00A27C92 /* InstrumentPartViewController.xib in Resources */,
				E8E30A2128F9DEFF007FF597 /* D0.mp3 in Resources */,
				E8E30A1828F9DEFF007FF597 /* C#4.mp3 in Resources */,
				02E183A429D44C3900F968F1 /* SetupTableViewCell.xib in Resources */,
				E8E30A2428F9DEFF007FF597 /* A#3.mp3 in Resources */,
				E8E30A0728F9DEFF007FF597 /* F#5.mp3 in Resources */,
				E8E30A1028F9DEFF007FF597 /* A6.mp3 in Resources */,
				02F2D94428312D6E0084F8A1 /* Localizable.strings in Resources */,
				025B327E29E5603B0001A948 /* TitleTableViewCell.xib in Resources */,
				E8E30A2928F9DEFF007FF597 /* A#5.mp3 in Resources */,
				E8E30A3528F9DEFF007FF597 /* G#1.mp3 in Resources */,
				E8E30A5228F9DEFF007FF597 /* G#3.mp3 in Resources */,
				E8E30A2E28F9DEFF007FF597 /* E3.mp3 in Resources */,
				E8E30A0628F9DEFF007FF597 /* G5.mp3 in Resources */,
				025B326E29E549F50001A948 /* SongPartDetailsViewController.xib in Resources */,
				E8E30A2028F9DEFF007FF597 /* E1.mp3 in Resources */,
				E8E30A2528F9DEFF007FF597 /* D3.mp3 in Resources */,
				E8E30A1528F9DEFF007FF597 /* G#0.mp3 in Resources */,
				025B327229E54D590001A948 /* AssignedInstrumentsTableViewCell.xib in Resources */,
				020F8E8C29D34C5B006B4E7A /* SongsViewController.xib in Resources */,
				E8E30A3E28F9DEFF007FF597 /* D#2.mp3 in Resources */,
				E8E30A2328F9DEFF007FF597 /* E6.mp3 in Resources */,
				E8E30A1728F9DEFF007FF597 /* C#6.mp3 in Resources */,
				02DA832429E40D2A0052C59A /* Colors.xcassets in Resources */,
				E8E30A1A28F9DEFF007FF597 /* C#0.mp3 in Resources */,
				E8E30A5728F9DEFF007FF597 /* C#1.mp3 in Resources */,
				E8E30A0A28F9DEFF007FF597 /* C#7.mp3 in Resources */,
				02DDDDC7299F617800D207B8 /* ProgressionConfigurationView.xib in Resources */,
				E8E30A4C28F9DEFF007FF597 /* D1.mp3 in Resources */,
				02218D6228369145004C30B2 /* ChordViewController.xib in Resources */,
				E8E30A4028F9DEFF007FF597 /* B7.mp3 in Resources */,
				E8E30A6028F9DEFF007FF597 /* C4.mp3 in Resources */,
				E8E30A3D28F9DEFF007FF597 /* E5.mp3 in Resources */,
				E8E30A4428F9DEFF007FF597 /* D#6.mp3 in Resources */,
				E8E30A4728F9DEFF007FF597 /* G2.mp3 in Resources */,
				E8E30A3828F9DEFF007FF597 /* D#3.mp3 in Resources */,
			);
			runOnlyForDeploymentPostprocessing = 0;
		};
/* End PBXResourcesBuildPhase section */

/* Begin PBXShellScriptBuildPhase section */
		02F2D939283125710084F8A1 /* Run SwiftLint */ = {
			isa = PBXShellScriptBuildPhase;
			alwaysOutOfDate = 1;
			buildActionMask = 2147483647;
			files = (
			);
			inputFileListPaths = (
			);
			inputPaths = (
			);
			name = "Run SwiftLint";
			outputFileListPaths = (
			);
			outputPaths = (
			);
			runOnlyForDeploymentPostprocessing = 0;
			shellPath = /bin/sh;
			shellScript = "./Pods/SwiftLint/swiftlint autocorrect\n./Pods/SwiftLint/swiftlint\n";
		};
		02F2D93A2831257A0084F8A1 /* Run SwiftGen */ = {
			isa = PBXShellScriptBuildPhase;
			alwaysOutOfDate = 1;
			buildActionMask = 2147483647;
			files = (
			);
			inputFileListPaths = (
			);
			inputPaths = (
			);
			name = "Run SwiftGen";
			outputFileListPaths = (
			);
			outputPaths = (
			);
			runOnlyForDeploymentPostprocessing = 0;
			shellPath = /bin/sh;
			shellScript = "\"$PODS_ROOT/SwiftGen/bin/swiftgen\"\n";
		};
		1556D21710C8BA0465C070A6 /* [CP] Check Pods Manifest.lock */ = {
			isa = PBXShellScriptBuildPhase;
			buildActionMask = 2147483647;
			files = (
			);
			inputFileListPaths = (
			);
			inputPaths = (
				"${PODS_PODFILE_DIR_PATH}/Podfile.lock",
				"${PODS_ROOT}/Manifest.lock",
			);
			name = "[CP] Check Pods Manifest.lock";
			outputFileListPaths = (
			);
			outputPaths = (
				"$(DERIVED_FILE_DIR)/Pods-M.U.S.E.-checkManifestLockResult.txt",
			);
			runOnlyForDeploymentPostprocessing = 0;
			shellPath = /bin/sh;
			shellScript = "diff \"${PODS_PODFILE_DIR_PATH}/Podfile.lock\" \"${PODS_ROOT}/Manifest.lock\" > /dev/null\nif [ $? != 0 ] ; then\n    # print error to STDERR\n    echo \"error: The sandbox is not in sync with the Podfile.lock. Run 'pod install' or update your CocoaPods installation.\" >&2\n    exit 1\nfi\n# This output is used by Xcode 'outputs' to avoid re-running this script phase.\necho \"SUCCESS\" > \"${SCRIPT_OUTPUT_FILE_0}\"\n";
			showEnvVarsInLog = 0;
		};
/* End PBXShellScriptBuildPhase section */

/* Begin PBXSourcesBuildPhase section */
		027102AA2814743000694F3E /* Sources */ = {
			isa = PBXSourcesBuildPhase;
			buildActionMask = 2147483647;
			files = (
				022B901628187BD7009ED3F7 /* Octave.swift in Sources */,
				027102B62814743000694F3E /* ChordViewController.swift in Sources */,
				0271B41129F1C68D00A27C92 /* InstrumentPartViewController.swift in Sources */,
				0217355429227F32006A67B5 /* ScaleStep.swift in Sources */,
				02572C12298BC44D003B5070 /* NotePickerView.swift in Sources */,
				02E183A329D44C3900F968F1 /* SetupTableViewCell.swift in Sources */,
				022FF1CE29C23A5900CEDD5E /* StructureTableViewCell.swift in Sources */,
				028DE88429C47280003671D0 /* Beat.swift in Sources */,
				028DE87929C47023003671D0 /* SongPart.swift in Sources */,
				02F4DE5B2823034D0002B9DC /* NoteValue.swift in Sources */,
				020F8E8B29D34C5B006B4E7A /* SongsViewController.swift in Sources */,
				028DE88029C470C9003671D0 /* Instrument.swift in Sources */,
				028DE87529C46E42003671D0 /* BeatLength.swift in Sources */,
				022041CE29C23FD90038121C /* SceneDelegate.swift in Sources */,
				0271B40B29F16B8500A27C92 /* InstrumentPart.swift in Sources */,
				020F8E9029D34E20006B4E7A /* SongTableViewCell.swift in Sources */,
				02F48AD329DF0A6E006D4C5C /* ResultTableViewCell.swift in Sources */,
				028DE87129C46D3E003671D0 /* Setup.swift in Sources */,
				025B326D29E549F50001A948 /* SongPartDetailsViewController.swift in Sources */,
				025B327D29E5603B0001A948 /* TitleTableViewCell.swift in Sources */,
				028DE87329C46E1E003671D0 /* Genre.swift in Sources */,
				02DDDDC5299F616400D207B8 /* ProgressionConfigurationView.swift in Sources */,
				02218D5E28368884004C30B2 /* MainTabBarController.swift in Sources */,
				0251473829CC93BA002EAA90 /* StructurePartTableViewCell.swift in Sources */,
				02A9F15D29DEF50B00B6D46B /* SongBuilderViewController.swift in Sources */,
				0217354A292275FB006A67B5 /* Progression.swift in Sources */,
				025B327629E55A970001A948 /* StructurePartProgressionTableViewCell.swift in Sources */,
				022B901828187C07009ED3F7 /* Interval.swift in Sources */,
				028DE86F29C46B18003671D0 /* Song.swift in Sources */,
				0217355229227E63006A67B5 /* ScaleType.swift in Sources */,
				027102B22814743000694F3E /* AppDelegate.swift in Sources */,
				021C9C2E281DB18B00BDB0A6 /* ChordType.swift in Sources */,
				028DE88629C473C0003671D0 /* Time.swift in Sources */,
				02FAA7032836A2E100E63622 /* ProgressionViewController.swift in Sources */,
				027102D0281479D600694F3E /* Note.swift in Sources */,
				028DE87729C46F87003671D0 /* Key.swift in Sources */,
				02B5EBBA28EAF21400D6AF94 /* ChordPlayer.swift in Sources */,
				028DE88229C471F1003671D0 /* Bar.swift in Sources */,
				0217354E29227752006A67B5 /* ProgressionVersion.swift in Sources */,
				02F2D94D283130580084F8A1 /* Localizable.swift in Sources */,
				0217355029227E21006A67B5 /* Scale.swift in Sources */,
				022B901A2818839F009ED3F7 /* Chord.swift in Sources */,
				028DE87B29C4704C003671D0 /* StructurePart.swift in Sources */,
				025B327129E54D590001A948 /* AssignedInstrumentsTableViewCell.swift in Sources */,
				027D6BA32939F87F00A7E99B /* ProgressionPlayer.swift in Sources */,
				02D786C529EAD16E001423C2 /* ScaleStepsBlacklist.swift in Sources */,
			);
			runOnlyForDeploymentPostprocessing = 0;
		};
/* End PBXSourcesBuildPhase section */

/* Begin PBXVariantGroup section */
		027102BC2814743200694F3E /* LaunchScreen.storyboard */ = {
			isa = PBXVariantGroup;
			children = (
				027102BD2814743200694F3E /* Base */,
			);
			name = LaunchScreen.storyboard;
			sourceTree = "<group>";
		};
		02F2D94628312D6E0084F8A1 /* Localizable.strings */ = {
			isa = PBXVariantGroup;
			children = (
				02F2D94528312D6E0084F8A1 /* en */,
				02F2D94728312D8E0084F8A1 /* ru */,
			);
			name = Localizable.strings;
			sourceTree = "<group>";
		};
/* End PBXVariantGroup section */

/* Begin XCBuildConfiguration section */
		027102C02814743200694F3E /* Debug */ = {
			isa = XCBuildConfiguration;
			buildSettings = {
				ALWAYS_SEARCH_USER_PATHS = NO;
				CLANG_ANALYZER_LOCALIZABILITY_NONLOCALIZED = YES;
				CLANG_ANALYZER_NONNULL = YES;
				CLANG_ANALYZER_NUMBER_OBJECT_CONVERSION = YES_AGGRESSIVE;
				CLANG_CXX_LANGUAGE_STANDARD = "gnu++17";
				CLANG_ENABLE_MODULES = YES;
				CLANG_ENABLE_OBJC_ARC = YES;
				CLANG_ENABLE_OBJC_WEAK = YES;
				CLANG_WARN_BLOCK_CAPTURE_AUTORELEASING = YES;
				CLANG_WARN_BOOL_CONVERSION = YES;
				CLANG_WARN_COMMA = YES;
				CLANG_WARN_CONSTANT_CONVERSION = YES;
				CLANG_WARN_DEPRECATED_OBJC_IMPLEMENTATIONS = YES;
				CLANG_WARN_DIRECT_OBJC_ISA_USAGE = YES_ERROR;
				CLANG_WARN_DOCUMENTATION_COMMENTS = YES;
				CLANG_WARN_EMPTY_BODY = YES;
				CLANG_WARN_ENUM_CONVERSION = YES;
				CLANG_WARN_INFINITE_RECURSION = YES;
				CLANG_WARN_INT_CONVERSION = YES;
				CLANG_WARN_NON_LITERAL_NULL_CONVERSION = YES;
				CLANG_WARN_OBJC_IMPLICIT_RETAIN_SELF = YES;
				CLANG_WARN_OBJC_LITERAL_CONVERSION = YES;
				CLANG_WARN_OBJC_ROOT_CLASS = YES_ERROR;
				CLANG_WARN_QUOTED_INCLUDE_IN_FRAMEWORK_HEADER = YES;
				CLANG_WARN_RANGE_LOOP_ANALYSIS = YES;
				CLANG_WARN_STRICT_PROTOTYPES = YES;
				CLANG_WARN_SUSPICIOUS_MOVE = YES;
				CLANG_WARN_UNGUARDED_AVAILABILITY = YES_AGGRESSIVE;
				CLANG_WARN_UNREACHABLE_CODE = YES;
				CLANG_WARN__DUPLICATE_METHOD_MATCH = YES;
				COPY_PHASE_STRIP = NO;
				DEBUG_INFORMATION_FORMAT = dwarf;
				ENABLE_STRICT_OBJC_MSGSEND = YES;
				ENABLE_TESTABILITY = YES;
				GCC_C_LANGUAGE_STANDARD = gnu11;
				GCC_DYNAMIC_NO_PIC = NO;
				GCC_NO_COMMON_BLOCKS = YES;
				GCC_OPTIMIZATION_LEVEL = 0;
				GCC_PREPROCESSOR_DEFINITIONS = (
					"DEBUG=1",
					"$(inherited)",
				);
				GCC_WARN_64_TO_32_BIT_CONVERSION = YES;
				GCC_WARN_ABOUT_RETURN_TYPE = YES_ERROR;
				GCC_WARN_UNDECLARED_SELECTOR = YES;
				GCC_WARN_UNINITIALIZED_AUTOS = YES_AGGRESSIVE;
				GCC_WARN_UNUSED_FUNCTION = YES;
				GCC_WARN_UNUSED_VARIABLE = YES;
				IPHONEOS_DEPLOYMENT_TARGET = 15.4;
				MTL_ENABLE_DEBUG_INFO = INCLUDE_SOURCE;
				MTL_FAST_MATH = YES;
				ONLY_ACTIVE_ARCH = YES;
				SDKROOT = iphoneos;
				SWIFT_ACTIVE_COMPILATION_CONDITIONS = DEBUG;
				SWIFT_OPTIMIZATION_LEVEL = "-Onone";
			};
			name = Debug;
		};
		027102C12814743200694F3E /* Release */ = {
			isa = XCBuildConfiguration;
			buildSettings = {
				ALWAYS_SEARCH_USER_PATHS = NO;
				CLANG_ANALYZER_LOCALIZABILITY_NONLOCALIZED = YES;
				CLANG_ANALYZER_NONNULL = YES;
				CLANG_ANALYZER_NUMBER_OBJECT_CONVERSION = YES_AGGRESSIVE;
				CLANG_CXX_LANGUAGE_STANDARD = "gnu++17";
				CLANG_ENABLE_MODULES = YES;
				CLANG_ENABLE_OBJC_ARC = YES;
				CLANG_ENABLE_OBJC_WEAK = YES;
				CLANG_WARN_BLOCK_CAPTURE_AUTORELEASING = YES;
				CLANG_WARN_BOOL_CONVERSION = YES;
				CLANG_WARN_COMMA = YES;
				CLANG_WARN_CONSTANT_CONVERSION = YES;
				CLANG_WARN_DEPRECATED_OBJC_IMPLEMENTATIONS = YES;
				CLANG_WARN_DIRECT_OBJC_ISA_USAGE = YES_ERROR;
				CLANG_WARN_DOCUMENTATION_COMMENTS = YES;
				CLANG_WARN_EMPTY_BODY = YES;
				CLANG_WARN_ENUM_CONVERSION = YES;
				CLANG_WARN_INFINITE_RECURSION = YES;
				CLANG_WARN_INT_CONVERSION = YES;
				CLANG_WARN_NON_LITERAL_NULL_CONVERSION = YES;
				CLANG_WARN_OBJC_IMPLICIT_RETAIN_SELF = YES;
				CLANG_WARN_OBJC_LITERAL_CONVERSION = YES;
				CLANG_WARN_OBJC_ROOT_CLASS = YES_ERROR;
				CLANG_WARN_QUOTED_INCLUDE_IN_FRAMEWORK_HEADER = YES;
				CLANG_WARN_RANGE_LOOP_ANALYSIS = YES;
				CLANG_WARN_STRICT_PROTOTYPES = YES;
				CLANG_WARN_SUSPICIOUS_MOVE = YES;
				CLANG_WARN_UNGUARDED_AVAILABILITY = YES_AGGRESSIVE;
				CLANG_WARN_UNREACHABLE_CODE = YES;
				CLANG_WARN__DUPLICATE_METHOD_MATCH = YES;
				COPY_PHASE_STRIP = NO;
				DEBUG_INFORMATION_FORMAT = "dwarf-with-dsym";
				ENABLE_NS_ASSERTIONS = NO;
				ENABLE_STRICT_OBJC_MSGSEND = YES;
				GCC_C_LANGUAGE_STANDARD = gnu11;
				GCC_NO_COMMON_BLOCKS = YES;
				GCC_WARN_64_TO_32_BIT_CONVERSION = YES;
				GCC_WARN_ABOUT_RETURN_TYPE = YES_ERROR;
				GCC_WARN_UNDECLARED_SELECTOR = YES;
				GCC_WARN_UNINITIALIZED_AUTOS = YES_AGGRESSIVE;
				GCC_WARN_UNUSED_FUNCTION = YES;
				GCC_WARN_UNUSED_VARIABLE = YES;
				IPHONEOS_DEPLOYMENT_TARGET = 15.4;
				MTL_ENABLE_DEBUG_INFO = NO;
				MTL_FAST_MATH = YES;
				SDKROOT = iphoneos;
				SWIFT_COMPILATION_MODE = wholemodule;
				SWIFT_OPTIMIZATION_LEVEL = "-O";
				VALIDATE_PRODUCT = YES;
			};
			name = Release;
		};
		027102C32814743200694F3E /* Debug */ = {
			isa = XCBuildConfiguration;
			baseConfigurationReference = 85B676175952A809D80D314F /* Pods-M.U.S.E..debug.xcconfig */;
			buildSettings = {
				ASSETCATALOG_COMPILER_GLOBAL_ACCENT_COLOR_NAME = "";
				ASSETCATALOG_COMPILER_INCLUDE_ALL_APPICON_ASSETS = NO;
				CODE_SIGN_STYLE = Automatic;
				CURRENT_PROJECT_VERSION = 1;
				DEVELOPMENT_TEAM = SMNXVGXK4L;
				GENERATE_INFOPLIST_FILE = YES;
				INFOPLIST_FILE = M.U.S.E./Application/Info.plist;
				INFOPLIST_KEY_UIApplicationSupportsIndirectInputEvents = YES;
				INFOPLIST_KEY_UILaunchStoryboardName = LaunchScreen;
				INFOPLIST_KEY_UISupportedInterfaceOrientations = UIInterfaceOrientationPortrait;
				INFOPLIST_KEY_UISupportedInterfaceOrientations_iPad = "UIInterfaceOrientationLandscapeLeft UIInterfaceOrientationLandscapeRight UIInterfaceOrientationPortrait UIInterfaceOrientationPortraitUpsideDown";
				IPHONEOS_DEPLOYMENT_TARGET = 15.6;
				LD_RUNPATH_SEARCH_PATHS = (
					"$(inherited)",
					"@executable_path/Frameworks",
				);
				MARKETING_VERSION = 1.0;
				PRODUCT_BUNDLE_IDENTIFIER = "com.Bassist-Zero.M-U-S-E-";
				PRODUCT_NAME = "$(TARGET_NAME)";
				SWIFT_EMIT_LOC_STRINGS = YES;
				SWIFT_VERSION = 5.0;
				TARGETED_DEVICE_FAMILY = 1;
			};
			name = Debug;
		};
		027102C42814743200694F3E /* Release */ = {
			isa = XCBuildConfiguration;
			baseConfigurationReference = FF0E0E7790C9AEFC1854BC53 /* Pods-M.U.S.E..release.xcconfig */;
			buildSettings = {
				ASSETCATALOG_COMPILER_GLOBAL_ACCENT_COLOR_NAME = "";
				ASSETCATALOG_COMPILER_INCLUDE_ALL_APPICON_ASSETS = NO;
				CODE_SIGN_STYLE = Automatic;
				CURRENT_PROJECT_VERSION = 1;
				DEVELOPMENT_TEAM = SMNXVGXK4L;
				GENERATE_INFOPLIST_FILE = YES;
				INFOPLIST_FILE = M.U.S.E./Application/Info.plist;
				INFOPLIST_KEY_UIApplicationSupportsIndirectInputEvents = YES;
				INFOPLIST_KEY_UILaunchStoryboardName = LaunchScreen;
				INFOPLIST_KEY_UISupportedInterfaceOrientations = UIInterfaceOrientationPortrait;
				INFOPLIST_KEY_UISupportedInterfaceOrientations_iPad = "UIInterfaceOrientationLandscapeLeft UIInterfaceOrientationLandscapeRight UIInterfaceOrientationPortrait UIInterfaceOrientationPortraitUpsideDown";
				IPHONEOS_DEPLOYMENT_TARGET = 15.6;
				LD_RUNPATH_SEARCH_PATHS = (
					"$(inherited)",
					"@executable_path/Frameworks",
				);
				MARKETING_VERSION = 1.0;
				PRODUCT_BUNDLE_IDENTIFIER = "com.Bassist-Zero.M-U-S-E-";
				PRODUCT_NAME = "$(TARGET_NAME)";
				SWIFT_EMIT_LOC_STRINGS = YES;
				SWIFT_VERSION = 5.0;
				TARGETED_DEVICE_FAMILY = 1;
			};
			name = Release;
		};
/* End XCBuildConfiguration section */

/* Begin XCConfigurationList section */
		027102A92814743000694F3E /* Build configuration list for PBXProject "M.U.S.E." */ = {
			isa = XCConfigurationList;
			buildConfigurations = (
				027102C02814743200694F3E /* Debug */,
				027102C12814743200694F3E /* Release */,
			);
			defaultConfigurationIsVisible = 0;
			defaultConfigurationName = Release;
		};
		027102C22814743200694F3E /* Build configuration list for PBXNativeTarget "M.U.S.E." */ = {
			isa = XCConfigurationList;
			buildConfigurations = (
				027102C32814743200694F3E /* Debug */,
				027102C42814743200694F3E /* Release */,
			);
			defaultConfigurationIsVisible = 0;
			defaultConfigurationName = Release;
		};
/* End XCConfigurationList section */
	};
	rootObject = 027102A62814743000694F3E /* Project object */;
}
