// !$*UTF8*$!
{
	archiveVersion = 1;
	classes = {
	};
	objectVersion = 55;
	objects = {

/* Begin PBXBuildFile section */
		021C9C2E281DB18B00BDB0A6 /* ChordType.swift in Sources */ = {isa = PBXBuildFile; fileRef = 021C9C2D281DB18B00BDB0A6 /* ChordType.swift */; };
		02218D5E28368884004C30B2 /* MainTabBarController.swift in Sources */ = {isa = PBXBuildFile; fileRef = 02218D5D28368884004C30B2 /* MainTabBarController.swift */; };
		02218D6228369145004C30B2 /* ChordViewController.xib in Resources */ = {isa = PBXBuildFile; fileRef = 02218D6128369145004C30B2 /* ChordViewController.xib */; };
		022B901628187BD7009ED3F7 /* Octave.swift in Sources */ = {isa = PBXBuildFile; fileRef = 022B901528187BD7009ED3F7 /* Octave.swift */; };
		022B901828187C07009ED3F7 /* Interval.swift in Sources */ = {isa = PBXBuildFile; fileRef = 022B901728187C07009ED3F7 /* Interval.swift */; };
		022B901A2818839F009ED3F7 /* Chord.swift in Sources */ = {isa = PBXBuildFile; fileRef = 022B90192818839F009ED3F7 /* Chord.swift */; };
		027102B22814743000694F3E /* AppDelegate.swift in Sources */ = {isa = PBXBuildFile; fileRef = 027102B12814743000694F3E /* AppDelegate.swift */; };
		027102B62814743000694F3E /* ChordViewController.swift in Sources */ = {isa = PBXBuildFile; fileRef = 027102B52814743000694F3E /* ChordViewController.swift */; };
		027102BE2814743200694F3E /* LaunchScreen.storyboard in Resources */ = {isa = PBXBuildFile; fileRef = 027102BC2814743200694F3E /* LaunchScreen.storyboard */; };
		027102D0281479D600694F3E /* Note.swift in Sources */ = {isa = PBXBuildFile; fileRef = 027102CF281479D600694F3E /* Note.swift */; };
		02F2D94428312D6E0084F8A1 /* Localizable.strings in Resources */ = {isa = PBXBuildFile; fileRef = 02F2D94628312D6E0084F8A1 /* Localizable.strings */; };
		02F2D94D283130580084F8A1 /* Localizable.swift in Sources */ = {isa = PBXBuildFile; fileRef = 02F2D94C283130580084F8A1 /* Localizable.swift */; };
		02F4DE5B2823034D0002B9DC /* NoteValue.swift in Sources */ = {isa = PBXBuildFile; fileRef = 02F4DE5A2823034D0002B9DC /* NoteValue.swift */; };
		C27B571D9C4046C7F7A386F7 /* libPods-M.U.S.E..a in Frameworks */ = {isa = PBXBuildFile; fileRef = 0DDEA0D2491F6128454F4A13 /* libPods-M.U.S.E..a */; };
/* End PBXBuildFile section */

/* Begin PBXFileReference section */
		021C9C2D281DB18B00BDB0A6 /* ChordType.swift */ = {isa = PBXFileReference; lastKnownFileType = sourcecode.swift; path = ChordType.swift; sourceTree = "<group>"; };
		02218D5D28368884004C30B2 /* MainTabBarController.swift */ = {isa = PBXFileReference; lastKnownFileType = sourcecode.swift; path = MainTabBarController.swift; sourceTree = "<group>"; };
		02218D6128369145004C30B2 /* ChordViewController.xib */ = {isa = PBXFileReference; lastKnownFileType = file.xib; path = ChordViewController.xib; sourceTree = "<group>"; };
		022B901528187BD7009ED3F7 /* Octave.swift */ = {isa = PBXFileReference; lastKnownFileType = sourcecode.swift; path = Octave.swift; sourceTree = "<group>"; };
		022B901728187C07009ED3F7 /* Interval.swift */ = {isa = PBXFileReference; lastKnownFileType = sourcecode.swift; path = Interval.swift; sourceTree = "<group>"; };
		022B90192818839F009ED3F7 /* Chord.swift */ = {isa = PBXFileReference; lastKnownFileType = sourcecode.swift; path = Chord.swift; sourceTree = "<group>"; };
		027102AE2814743000694F3E /* M.U.S.E..app */ = {isa = PBXFileReference; explicitFileType = wrapper.application; includeInIndex = 0; path = M.U.S.E..app; sourceTree = BUILT_PRODUCTS_DIR; };
		027102B12814743000694F3E /* AppDelegate.swift */ = {isa = PBXFileReference; lastKnownFileType = sourcecode.swift; path = AppDelegate.swift; sourceTree = "<group>"; };
		027102B52814743000694F3E /* ChordViewController.swift */ = {isa = PBXFileReference; lastKnownFileType = sourcecode.swift; path = ChordViewController.swift; sourceTree = "<group>"; };
		027102BD2814743200694F3E /* Base */ = {isa = PBXFileReference; lastKnownFileType = file.storyboard; name = Base; path = Base.lproj/LaunchScreen.storyboard; sourceTree = "<group>"; };
		027102BF2814743200694F3E /* Info.plist */ = {isa = PBXFileReference; lastKnownFileType = text.plist.xml; path = Info.plist; sourceTree = "<group>"; };
		027102CF281479D600694F3E /* Note.swift */ = {isa = PBXFileReference; lastKnownFileType = sourcecode.swift; path = Note.swift; sourceTree = "<group>"; };
		02F2D94528312D6E0084F8A1 /* en */ = {isa = PBXFileReference; lastKnownFileType = text.plist.strings; name = en; path = en.lproj/Localizable.strings; sourceTree = "<group>"; };
		02F2D94728312D8E0084F8A1 /* ru */ = {isa = PBXFileReference; lastKnownFileType = text.plist.strings; name = ru; path = ru.lproj/Localizable.strings; sourceTree = "<group>"; };
		02F2D94C283130580084F8A1 /* Localizable.swift */ = {isa = PBXFileReference; fileEncoding = 4; lastKnownFileType = sourcecode.swift; path = Localizable.swift; sourceTree = "<group>"; };
		02F4DE5A2823034D0002B9DC /* NoteValue.swift */ = {isa = PBXFileReference; lastKnownFileType = sourcecode.swift; path = NoteValue.swift; sourceTree = "<group>"; };
		0DDEA0D2491F6128454F4A13 /* libPods-M.U.S.E..a */ = {isa = PBXFileReference; explicitFileType = archive.ar; includeInIndex = 0; path = "libPods-M.U.S.E..a"; sourceTree = BUILT_PRODUCTS_DIR; };
		85B676175952A809D80D314F /* Pods-M.U.S.E..debug.xcconfig */ = {isa = PBXFileReference; includeInIndex = 1; lastKnownFileType = text.xcconfig; name = "Pods-M.U.S.E..debug.xcconfig"; path = "Target Support Files/Pods-M.U.S.E./Pods-M.U.S.E..debug.xcconfig"; sourceTree = "<group>"; };
		FF0E0E7790C9AEFC1854BC53 /* Pods-M.U.S.E..release.xcconfig */ = {isa = PBXFileReference; includeInIndex = 1; lastKnownFileType = text.xcconfig; name = "Pods-M.U.S.E..release.xcconfig"; path = "Target Support Files/Pods-M.U.S.E./Pods-M.U.S.E..release.xcconfig"; sourceTree = "<group>"; };
/* End PBXFileReference section */

/* Begin PBXFrameworksBuildPhase section */
		027102AB2814743000694F3E /* Frameworks */ = {
			isa = PBXFrameworksBuildPhase;
			buildActionMask = 2147483647;
			files = (
				C27B571D9C4046C7F7A386F7 /* libPods-M.U.S.E..a in Frameworks */,
			);
			runOnlyForDeploymentPostprocessing = 0;
		};
/* End PBXFrameworksBuildPhase section */

/* Begin PBXGroup section */
		027102A52814743000694F3E = {
			isa = PBXGroup;
			children = (
				027102B02814743000694F3E /* M.U.S.E. */,
				027102AF2814743000694F3E /* Products */,
				BBA38B51B06820AF0A790353 /* Pods */,
				1F6732A08F8363B4165D9498 /* Frameworks */,
			);
			sourceTree = "<group>";
		};
		027102AF2814743000694F3E /* Products */ = {
			isa = PBXGroup;
			children = (
				027102AE2814743000694F3E /* M.U.S.E..app */,
			);
			name = Products;
			sourceTree = "<group>";
		};
		027102B02814743000694F3E /* M.U.S.E. */ = {
			isa = PBXGroup;
			children = (
				027102C82814748D00694F3E /* App */,
				027102C72814748000694F3E /* Models */,
				027102C62814747D00694F3E /* Controllers */,
				027102C52814745E00694F3E /* Views */,
				02F2D93B28312C3C0084F8A1 /* Resources */,
				027102BF2814743200694F3E /* Info.plist */,
			);
			path = M.U.S.E.;
			sourceTree = "<group>";
		};
		027102C52814745E00694F3E /* Views */ = {
			isa = PBXGroup;
			children = (
				027102BC2814743200694F3E /* LaunchScreen.storyboard */,
				02218D6128369145004C30B2 /* ChordViewController.xib */,
			);
			path = Views;
			sourceTree = "<group>";
		};
		027102C62814747D00694F3E /* Controllers */ = {
			isa = PBXGroup;
			children = (
				027102B52814743000694F3E /* ChordViewController.swift */,
				02218D5D28368884004C30B2 /* MainTabBarController.swift */,
			);
			path = Controllers;
			sourceTree = "<group>";
		};
		027102C72814748000694F3E /* Models */ = {
			isa = PBXGroup;
			children = (
				027102CF281479D600694F3E /* Note.swift */,
				02F4DE5A2823034D0002B9DC /* NoteValue.swift */,
				022B901528187BD7009ED3F7 /* Octave.swift */,
				022B901728187C07009ED3F7 /* Interval.swift */,
				022B90192818839F009ED3F7 /* Chord.swift */,
				021C9C2D281DB18B00BDB0A6 /* ChordType.swift */,
			);
			path = Models;
			sourceTree = "<group>";
		};
		027102C82814748D00694F3E /* App */ = {
			isa = PBXGroup;
			children = (
				027102B12814743000694F3E /* AppDelegate.swift */,
			);
			path = App;
			sourceTree = "<group>";
		};
		02F2D93B28312C3C0084F8A1 /* Resources */ = {
			isa = PBXGroup;
			children = (
				02F2D93F28312CB70084F8A1 /* Localizable */,
			);
			path = Resources;
			sourceTree = "<group>";
		};
		02F2D93F28312CB70084F8A1 /* Localizable */ = {
			isa = PBXGroup;
			children = (
				02F2D94C283130580084F8A1 /* Localizable.swift */,
				02F2D94628312D6E0084F8A1 /* Localizable.strings */,
			);
			path = Localizable;
			sourceTree = "<group>";
		};
		1F6732A08F8363B4165D9498 /* Frameworks */ = {
			isa = PBXGroup;
			children = (
				0DDEA0D2491F6128454F4A13 /* libPods-M.U.S.E..a */,
			);
			name = Frameworks;
			sourceTree = "<group>";
		};
		BBA38B51B06820AF0A790353 /* Pods */ = {
			isa = PBXGroup;
			children = (
				85B676175952A809D80D314F /* Pods-M.U.S.E..debug.xcconfig */,
				FF0E0E7790C9AEFC1854BC53 /* Pods-M.U.S.E..release.xcconfig */,
			);
			path = Pods;
			sourceTree = "<group>";
		};
/* End PBXGroup section */

/* Begin PBXNativeTarget section */
		027102AD2814743000694F3E /* M.U.S.E. */ = {
			isa = PBXNativeTarget;
			buildConfigurationList = 027102C22814743200694F3E /* Build configuration list for PBXNativeTarget "M.U.S.E." */;
			buildPhases = (
				1556D21710C8BA0465C070A6 /* [CP] Check Pods Manifest.lock */,
				02F2D939283125710084F8A1 /* Run SwiftLint */,
				02F2D93A2831257A0084F8A1 /* Run SwiftGen */,
				027102AA2814743000694F3E /* Sources */,
				027102AB2814743000694F3E /* Frameworks */,
				027102AC2814743000694F3E /* Resources */,
			);
			buildRules = (
			);
			dependencies = (
			);
			name = M.U.S.E.;
			productName = M.U.S.E.;
			productReference = 027102AE2814743000694F3E /* M.U.S.E..app */;
			productType = "com.apple.product-type.application";
		};
/* End PBXNativeTarget section */

/* Begin PBXProject section */
		027102A62814743000694F3E /* Project object */ = {
			isa = PBXProject;
			attributes = {
				BuildIndependentTargetsInParallel = 1;
				LastSwiftUpdateCheck = 1330;
				LastUpgradeCheck = 1330;
				TargetAttributes = {
					027102AD2814743000694F3E = {
						CreatedOnToolsVersion = 13.3.1;
					};
				};
			};
			buildConfigurationList = 027102A92814743000694F3E /* Build configuration list for PBXProject "M.U.S.E." */;
			compatibilityVersion = "Xcode 13.0";
			developmentRegion = en;
			hasScannedForEncodings = 0;
			knownRegions = (
				en,
				Base,
				ru,
			);
			mainGroup = 027102A52814743000694F3E;
			productRefGroup = 027102AF2814743000694F3E /* Products */;
			projectDirPath = "";
			projectRoot = "";
			targets = (
				027102AD2814743000694F3E /* M.U.S.E. */,
			);
		};
/* End PBXProject section */

/* Begin PBXResourcesBuildPhase section */
		027102AC2814743000694F3E /* Resources */ = {
			isa = PBXResourcesBuildPhase;
			buildActionMask = 2147483647;
			files = (
				027102BE2814743200694F3E /* LaunchScreen.storyboard in Resources */,
				02F2D94428312D6E0084F8A1 /* Localizable.strings in Resources */,
				02218D6228369145004C30B2 /* ChordViewController.xib in Resources */,
			);
			runOnlyForDeploymentPostprocessing = 0;
		};
/* End PBXResourcesBuildPhase section */

/* Begin PBXShellScriptBuildPhase section */
		02F2D939283125710084F8A1 /* Run SwiftLint */ = {
			isa = PBXShellScriptBuildPhase;
			buildActionMask = 2147483647;
			files = (
			);
			inputFileListPaths = (
			);
			inputPaths = (
			);
			name = "Run SwiftLint";
			outputFileListPaths = (
			);
			outputPaths = (
			);
			runOnlyForDeploymentPostprocessing = 0;
			shellPath = /bin/sh;
			shellScript = "./Pods/SwiftLint/swiftlint autocorrect\n./Pods/SwiftLint/swiftlint\n";
		};
		02F2D93A2831257A0084F8A1 /* Run SwiftGen */ = {
			isa = PBXShellScriptBuildPhase;
			buildActionMask = 2147483647;
			files = (
			);
			inputFileListPaths = (
			);
			inputPaths = (
			);
			name = "Run SwiftGen";
			outputFileListPaths = (
			);
			outputPaths = (
			);
			runOnlyForDeploymentPostprocessing = 0;
			shellPath = /bin/sh;
			shellScript = "\"$PODS_ROOT/SwiftGen/bin/swiftgen\"\n";
		};
		1556D21710C8BA0465C070A6 /* [CP] Check Pods Manifest.lock */ = {
			isa = PBXShellScriptBuildPhase;
			buildActionMask = 2147483647;
			files = (
			);
			inputFileListPaths = (
			);
			inputPaths = (
				"${PODS_PODFILE_DIR_PATH}/Podfile.lock",
				"${PODS_ROOT}/Manifest.lock",
			);
			name = "[CP] Check Pods Manifest.lock";
			outputFileListPaths = (
			);
			outputPaths = (
				"$(DERIVED_FILE_DIR)/Pods-M.U.S.E.-checkManifestLockResult.txt",
			);
			runOnlyForDeploymentPostprocessing = 0;
			shellPath = /bin/sh;
			shellScript = "diff \"${PODS_PODFILE_DIR_PATH}/Podfile.lock\" \"${PODS_ROOT}/Manifest.lock\" > /dev/null\nif [ $? != 0 ] ; then\n    # print error to STDERR\n    echo \"error: The sandbox is not in sync with the Podfile.lock. Run 'pod install' or update your CocoaPods installation.\" >&2\n    exit 1\nfi\n# This output is used by Xcode 'outputs' to avoid re-running this script phase.\necho \"SUCCESS\" > \"${SCRIPT_OUTPUT_FILE_0}\"\n";
			showEnvVarsInLog = 0;
		};
/* End PBXShellScriptBuildPhase section */

/* Begin PBXSourcesBuildPhase section */
		027102AA2814743000694F3E /* Sources */ = {
			isa = PBXSourcesBuildPhase;
			buildActionMask = 2147483647;
			files = (
				022B901628187BD7009ED3F7 /* Octave.swift in Sources */,
				027102B62814743000694F3E /* ChordViewController.swift in Sources */,
				02F4DE5B2823034D0002B9DC /* NoteValue.swift in Sources */,
				02218D5E28368884004C30B2 /* MainTabBarController.swift in Sources */,
				022B901828187C07009ED3F7 /* Interval.swift in Sources */,
				027102B22814743000694F3E /* AppDelegate.swift in Sources */,
				021C9C2E281DB18B00BDB0A6 /* ChordType.swift in Sources */,
				027102D0281479D600694F3E /* Note.swift in Sources */,
				02F2D94D283130580084F8A1 /* Localizable.swift in Sources */,
				022B901A2818839F009ED3F7 /* Chord.swift in Sources */,
			);
			runOnlyForDeploymentPostprocessing = 0;
		};
/* End PBXSourcesBuildPhase section */

/* Begin PBXVariantGroup section */
		027102BC2814743200694F3E /* LaunchScreen.storyboard */ = {
			isa = PBXVariantGroup;
			children = (
				027102BD2814743200694F3E /* Base */,
			);
			name = LaunchScreen.storyboard;
			sourceTree = "<group>";
		};
		02F2D94628312D6E0084F8A1 /* Localizable.strings */ = {
			isa = PBXVariantGroup;
			children = (
				02F2D94528312D6E0084F8A1 /* en */,
				02F2D94728312D8E0084F8A1 /* ru */,
			);
			name = Localizable.strings;
			sourceTree = "<group>";
		};
/* End PBXVariantGroup section */

/* Begin XCBuildConfiguration section */
		027102C02814743200694F3E /* Debug */ = {
			isa = XCBuildConfiguration;
			buildSettings = {
				ALWAYS_SEARCH_USER_PATHS = NO;
				CLANG_ANALYZER_LOCALIZABILITY_NONLOCALIZED = YES;
				CLANG_ANALYZER_NONNULL = YES;
				CLANG_ANALYZER_NUMBER_OBJECT_CONVERSION = YES_AGGRESSIVE;
				CLANG_CXX_LANGUAGE_STANDARD = "gnu++17";
				CLANG_ENABLE_MODULES = YES;
				CLANG_ENABLE_OBJC_ARC = YES;
				CLANG_ENABLE_OBJC_WEAK = YES;
				CLANG_WARN_BLOCK_CAPTURE_AUTORELEASING = YES;
				CLANG_WARN_BOOL_CONVERSION = YES;
				CLANG_WARN_COMMA = YES;
				CLANG_WARN_CONSTANT_CONVERSION = YES;
				CLANG_WARN_DEPRECATED_OBJC_IMPLEMENTATIONS = YES;
				CLANG_WARN_DIRECT_OBJC_ISA_USAGE = YES_ERROR;
				CLANG_WARN_DOCUMENTATION_COMMENTS = YES;
				CLANG_WARN_EMPTY_BODY = YES;
				CLANG_WARN_ENUM_CONVERSION = YES;
				CLANG_WARN_INFINITE_RECURSION = YES;
				CLANG_WARN_INT_CONVERSION = YES;
				CLANG_WARN_NON_LITERAL_NULL_CONVERSION = YES;
				CLANG_WARN_OBJC_IMPLICIT_RETAIN_SELF = YES;
				CLANG_WARN_OBJC_LITERAL_CONVERSION = YES;
				CLANG_WARN_OBJC_ROOT_CLASS = YES_ERROR;
				CLANG_WARN_QUOTED_INCLUDE_IN_FRAMEWORK_HEADER = YES;
				CLANG_WARN_RANGE_LOOP_ANALYSIS = YES;
				CLANG_WARN_STRICT_PROTOTYPES = YES;
				CLANG_WARN_SUSPICIOUS_MOVE = YES;
				CLANG_WARN_UNGUARDED_AVAILABILITY = YES_AGGRESSIVE;
				CLANG_WARN_UNREACHABLE_CODE = YES;
				CLANG_WARN__DUPLICATE_METHOD_MATCH = YES;
				COPY_PHASE_STRIP = NO;
				DEBUG_INFORMATION_FORMAT = dwarf;
				ENABLE_STRICT_OBJC_MSGSEND = YES;
				ENABLE_TESTABILITY = YES;
				GCC_C_LANGUAGE_STANDARD = gnu11;
				GCC_DYNAMIC_NO_PIC = NO;
				GCC_NO_COMMON_BLOCKS = YES;
				GCC_OPTIMIZATION_LEVEL = 0;
				GCC_PREPROCESSOR_DEFINITIONS = (
					"DEBUG=1",
					"$(inherited)",
				);
				GCC_WARN_64_TO_32_BIT_CONVERSION = YES;
				GCC_WARN_ABOUT_RETURN_TYPE = YES_ERROR;
				GCC_WARN_UNDECLARED_SELECTOR = YES;
				GCC_WARN_UNINITIALIZED_AUTOS = YES_AGGRESSIVE;
				GCC_WARN_UNUSED_FUNCTION = YES;
				GCC_WARN_UNUSED_VARIABLE = YES;
				IPHONEOS_DEPLOYMENT_TARGET = 15.4;
				MTL_ENABLE_DEBUG_INFO = INCLUDE_SOURCE;
				MTL_FAST_MATH = YES;
				ONLY_ACTIVE_ARCH = YES;
				SDKROOT = iphoneos;
				SWIFT_ACTIVE_COMPILATION_CONDITIONS = DEBUG;
				SWIFT_OPTIMIZATION_LEVEL = "-Onone";
			};
			name = Debug;
		};
		027102C12814743200694F3E /* Release */ = {
			isa = XCBuildConfiguration;
			buildSettings = {
				ALWAYS_SEARCH_USER_PATHS = NO;
				CLANG_ANALYZER_LOCALIZABILITY_NONLOCALIZED = YES;
				CLANG_ANALYZER_NONNULL = YES;
				CLANG_ANALYZER_NUMBER_OBJECT_CONVERSION = YES_AGGRESSIVE;
				CLANG_CXX_LANGUAGE_STANDARD = "gnu++17";
				CLANG_ENABLE_MODULES = YES;
				CLANG_ENABLE_OBJC_ARC = YES;
				CLANG_ENABLE_OBJC_WEAK = YES;
				CLANG_WARN_BLOCK_CAPTURE_AUTORELEASING = YES;
				CLANG_WARN_BOOL_CONVERSION = YES;
				CLANG_WARN_COMMA = YES;
				CLANG_WARN_CONSTANT_CONVERSION = YES;
				CLANG_WARN_DEPRECATED_OBJC_IMPLEMENTATIONS = YES;
				CLANG_WARN_DIRECT_OBJC_ISA_USAGE = YES_ERROR;
				CLANG_WARN_DOCUMENTATION_COMMENTS = YES;
				CLANG_WARN_EMPTY_BODY = YES;
				CLANG_WARN_ENUM_CONVERSION = YES;
				CLANG_WARN_INFINITE_RECURSION = YES;
				CLANG_WARN_INT_CONVERSION = YES;
				CLANG_WARN_NON_LITERAL_NULL_CONVERSION = YES;
				CLANG_WARN_OBJC_IMPLICIT_RETAIN_SELF = YES;
				CLANG_WARN_OBJC_LITERAL_CONVERSION = YES;
				CLANG_WARN_OBJC_ROOT_CLASS = YES_ERROR;
				CLANG_WARN_QUOTED_INCLUDE_IN_FRAMEWORK_HEADER = YES;
				CLANG_WARN_RANGE_LOOP_ANALYSIS = YES;
				CLANG_WARN_STRICT_PROTOTYPES = YES;
				CLANG_WARN_SUSPICIOUS_MOVE = YES;
				CLANG_WARN_UNGUARDED_AVAILABILITY = YES_AGGRESSIVE;
				CLANG_WARN_UNREACHABLE_CODE = YES;
				CLANG_WARN__DUPLICATE_METHOD_MATCH = YES;
				COPY_PHASE_STRIP = NO;
				DEBUG_INFORMATION_FORMAT = "dwarf-with-dsym";
				ENABLE_NS_ASSERTIONS = NO;
				ENABLE_STRICT_OBJC_MSGSEND = YES;
				GCC_C_LANGUAGE_STANDARD = gnu11;
				GCC_NO_COMMON_BLOCKS = YES;
				GCC_WARN_64_TO_32_BIT_CONVERSION = YES;
				GCC_WARN_ABOUT_RETURN_TYPE = YES_ERROR;
				GCC_WARN_UNDECLARED_SELECTOR = YES;
				GCC_WARN_UNINITIALIZED_AUTOS = YES_AGGRESSIVE;
				GCC_WARN_UNUSED_FUNCTION = YES;
				GCC_WARN_UNUSED_VARIABLE = YES;
				IPHONEOS_DEPLOYMENT_TARGET = 15.4;
				MTL_ENABLE_DEBUG_INFO = NO;
				MTL_FAST_MATH = YES;
				SDKROOT = iphoneos;
				SWIFT_COMPILATION_MODE = wholemodule;
				SWIFT_OPTIMIZATION_LEVEL = "-O";
				VALIDATE_PRODUCT = YES;
			};
			name = Release;
		};
		027102C32814743200694F3E /* Debug */ = {
			isa = XCBuildConfiguration;
			baseConfigurationReference = 85B676175952A809D80D314F /* Pods-M.U.S.E..debug.xcconfig */;
			buildSettings = {
				ASSETCATALOG_COMPILER_GLOBAL_ACCENT_COLOR_NAME = AccentColor;
				ASSETCATALOG_COMPILER_INCLUDE_ALL_APPICON_ASSETS = NO;
				CODE_SIGN_STYLE = Automatic;
				CURRENT_PROJECT_VERSION = 1;
				DEVELOPMENT_TEAM = SMNXVGXK4L;
				GENERATE_INFOPLIST_FILE = YES;
				INFOPLIST_FILE = M.U.S.E./Info.plist;
				INFOPLIST_KEY_UIApplicationSupportsIndirectInputEvents = YES;
				INFOPLIST_KEY_UILaunchStoryboardName = LaunchScreen;
				INFOPLIST_KEY_UISupportedInterfaceOrientations = UIInterfaceOrientationPortrait;
				INFOPLIST_KEY_UISupportedInterfaceOrientations_iPad = "UIInterfaceOrientationPortrait UIInterfaceOrientationPortraitUpsideDown UIInterfaceOrientationLandscapeLeft UIInterfaceOrientationLandscapeRight";
				INFOPLIST_KEY_UISupportedInterfaceOrientations_iPhone = "UIInterfaceOrientationPortrait UIInterfaceOrientationLandscapeLeft UIInterfaceOrientationLandscapeRight";
				IPHONEOS_DEPLOYMENT_TARGET = 13.6;
				LD_RUNPATH_SEARCH_PATHS = (
					"$(inherited)",
					"@executable_path/Frameworks",
				);
				MARKETING_VERSION = 1.0;
				PRODUCT_BUNDLE_IDENTIFIER = "com.Bassist-Zero.M-U-S-E-";
				PRODUCT_NAME = "$(TARGET_NAME)";
				SWIFT_EMIT_LOC_STRINGS = YES;
				SWIFT_VERSION = 5.0;
				TARGETED_DEVICE_FAMILY = 1;
			};
			name = Debug;
		};
		027102C42814743200694F3E /* Release */ = {
			isa = XCBuildConfiguration;
			baseConfigurationReference = FF0E0E7790C9AEFC1854BC53 /* Pods-M.U.S.E..release.xcconfig */;
			buildSettings = {
				ASSETCATALOG_COMPILER_GLOBAL_ACCENT_COLOR_NAME = AccentColor;
				ASSETCATALOG_COMPILER_INCLUDE_ALL_APPICON_ASSETS = NO;
				CODE_SIGN_STYLE = Automatic;
				CURRENT_PROJECT_VERSION = 1;
				DEVELOPMENT_TEAM = SMNXVGXK4L;
				GENERATE_INFOPLIST_FILE = YES;
				INFOPLIST_FILE = M.U.S.E./Info.plist;
				INFOPLIST_KEY_UIApplicationSupportsIndirectInputEvents = YES;
				INFOPLIST_KEY_UILaunchStoryboardName = LaunchScreen;
				INFOPLIST_KEY_UISupportedInterfaceOrientations = UIInterfaceOrientationPortrait;
				INFOPLIST_KEY_UISupportedInterfaceOrientations_iPad = "UIInterfaceOrientationPortrait UIInterfaceOrientationPortraitUpsideDown UIInterfaceOrientationLandscapeLeft UIInterfaceOrientationLandscapeRight";
				INFOPLIST_KEY_UISupportedInterfaceOrientations_iPhone = "UIInterfaceOrientationPortrait UIInterfaceOrientationLandscapeLeft UIInterfaceOrientationLandscapeRight";
				IPHONEOS_DEPLOYMENT_TARGET = 13.6;
				LD_RUNPATH_SEARCH_PATHS = (
					"$(inherited)",
					"@executable_path/Frameworks",
				);
				MARKETING_VERSION = 1.0;
				PRODUCT_BUNDLE_IDENTIFIER = "com.Bassist-Zero.M-U-S-E-";
				PRODUCT_NAME = "$(TARGET_NAME)";
				SWIFT_EMIT_LOC_STRINGS = YES;
				SWIFT_VERSION = 5.0;
				TARGETED_DEVICE_FAMILY = 1;
			};
			name = Release;
		};
/* End XCBuildConfiguration section */

/* Begin XCConfigurationList section */
		027102A92814743000694F3E /* Build configuration list for PBXProject "M.U.S.E." */ = {
			isa = XCConfigurationList;
			buildConfigurations = (
				027102C02814743200694F3E /* Debug */,
				027102C12814743200694F3E /* Release */,
			);
			defaultConfigurationIsVisible = 0;
			defaultConfigurationName = Release;
		};
		027102C22814743200694F3E /* Build configuration list for PBXNativeTarget "M.U.S.E." */ = {
			isa = XCConfigurationList;
			buildConfigurations = (
				027102C32814743200694F3E /* Debug */,
				027102C42814743200694F3E /* Release */,
			);
			defaultConfigurationIsVisible = 0;
			defaultConfigurationName = Release;
		};
/* End XCConfigurationList section */
	};
	rootObject = 027102A62814743000694F3E /* Project object */;
}
